<?xml version="1.0" encoding="utf-8"?>
<Project ToolsVersion="4.0" xmlns="http://schemas.microsoft.com/developer/msbuild/2003">
  <ItemGroup>
    <FxCompile Include="$(MSBuildThisFileDirectory)TriangleVS.hlsl">
      <Filter>HLSL\Triangle</Filter>
    </FxCompile>
    <FxCompile Include="$(MSBuildThisFileDirectory)TrianglePS.hlsl">
      <Filter>HLSL\Triangle</Filter>
    </FxCompile>
    <FxCompile Include="$(MSBuildThisFileDirectory)MoveVS.hlsl">
      <Filter>HLSL\Move</Filter>
    </FxCompile>
    <FxCompile Include="$(MSBuildThisFileDirectory)MovePS.hlsl">
      <Filter>HLSL\Move</Filter>
    </FxCompile>
    <FxCompile Include="$(MSBuildThisFileDirectory)GridPS.hlsl">
      <Filter>HLSL\Grid</Filter>
    </FxCompile>
    <FxCompile Include="$(MSBuildThisFileDirectory)GridVS.hlsl">
      <Filter>HLSL\Grid</Filter>
    </FxCompile>
    <FxCompile Include="$(MSBuildThisFileDirectory)SpriteVS.hlsl">
      <Filter>HLSL\Sprite</Filter>
    </FxCompile>
    <FxCompile Include="$(MSBuildThisFileDirectory)SpritePS.hlsl">
      <Filter>HLSL\Sprite</Filter>
    </FxCompile>
    <FxCompile Include="$(MSBuildThisFileDirectory)TileMapPS.hlsl">
      <Filter>HLSL\Tile</Filter>
    </FxCompile>
    <FxCompile Include="$(MSBuildThisFileDirectory)DebugPS.hlsl">
      <Filter>HLSL\Debug</Filter>
    </FxCompile>
    <FxCompile Include="$(MSBuildThisFileDirectory)DebugVS.hlsl">
      <Filter>HLSL\Debug</Filter>
    </FxCompile>
    <FxCompile Include="$(MSBuildThisFileDirectory)Tile_PS.hlsl">
      <Filter>HLSL\Tile</Filter>
    </FxCompile>
    <FxCompile Include="$(MSBuildThisFileDirectory)Tile_VS.hlsl">
      <Filter>HLSL\Tile</Filter>
    </FxCompile>
    <FxCompile Include="$(MSBuildThisFileDirectory)TileMapVS.hlsl">
      <Filter>HLSL\Tile</Filter>
    </FxCompile>
    <FxCompile Include="$(MSBuildThisFileDirectory)AnimationVS.hlsl">
      <Filter>HLSL\Animation</Filter>
    </FxCompile>
    <FxCompile Include="$(MSBuildThisFileDirectory)AnimationPS.hlsl">
      <Filter>HLSL\Animation</Filter>
    </FxCompile>
    <FxCompile Include="$(MSBuildThisFileDirectory)ani2.hlsl">
      <Filter>HLSL</Filter>
    </FxCompile>
  </ItemGroup>
  <ItemGroup>
    <Filter Include="HLSL">
      <UniqueIdentifier>{bbaf2268-bdff-40a0-99a0-d94b9232bd50}</UniqueIdentifier>
    </Filter>
    <Filter Include="HLSL\Triangle">
      <UniqueIdentifier>{81688041-db4d-46a9-904e-6000245d779b}</UniqueIdentifier>
    </Filter>
    <Filter Include="HLSL\Sprite">
      <UniqueIdentifier>{c3deafc4-5763-4f43-af9e-33b78e50dc98}</UniqueIdentifier>
    </Filter>
    <Filter Include="HLSL\Tile">
      <UniqueIdentifier>{93c162cf-87b6-4713-9200-737f1bd8e614}</UniqueIdentifier>
    </Filter>
    <Filter Include="HLSL\Move">
      <UniqueIdentifier>{264e3c49-2ba9-42f1-ada0-fc571208ee8e}</UniqueIdentifier>
    </Filter>
    <Filter Include="HLSL\Grid">
      <UniqueIdentifier>{accdf565-8b10-4587-9763-5a72311d6162}</UniqueIdentifier>
    </Filter>
    <Filter Include="HLSL\Debug">
      <UniqueIdentifier>{56181e78-3918-4218-a11c-e6c2f6b4b8b3}</UniqueIdentifier>
    </Filter>
    <Filter Include="HLSLI">
      <UniqueIdentifier>{88893458-69d8-43b6-99f2-7e34b76be176}</UniqueIdentifier>
    </Filter>
    <Filter Include="HLSL\Animation">
      <UniqueIdentifier>{b4534a7e-827a-428c-969a-580d451f0856}</UniqueIdentifier>
    </Filter>
  </ItemGroup>
  <ItemGroup>
    <None Include="$(MSBuildThisFileDirectory)globals.hlsli">
      <Filter>HLSLI</Filter>
    </None>
    <None Include="$(MSBuildThisFileDirectory)COLOR.hlsli">
      <Filter>HLSLI</Filter>
    </None>
    <None Include="$(MSBuildThisFileDirectory)Sampler.hlsli">
      <Filter>HLSLI</Filter>
    </None>
    <None Include="$(MSBuildThisFileDirectory)Constant.hlsli">
      <Filter>HLSLI</Filter>
    </None>
    <None Include="$(MSBuildThisFileDirectory)Texture.hlsli">
      <Filter>HLSLI</Filter>
    </None>
  </ItemGroup>
</Project>