<?xml version="1.0" encoding="utf-8"?>
<Project ToolsVersion="4.0" xmlns="http://schemas.microsoft.com/developer/msbuild/2003">
  <ItemGroup>
    <Filter Include="Common">
      <UniqueIdentifier>{83166244-7256-44a0-a7ad-0724b0311337}</UniqueIdentifier>
    </Filter>
    <Filter Include="Common\Entity">
      <UniqueIdentifier>{52ecb96e-02c0-4043-937d-747ae34d134e}</UniqueIdentifier>
    </Filter>
    <Filter Include="Common\Math">
      <UniqueIdentifier>{d6d7a1d4-4be9-4699-86fe-e44151bc8434}</UniqueIdentifier>
    </Filter>
    <Filter Include="Common\Time">
      <UniqueIdentifier>{638dd575-eb4a-4fe3-8d05-cd417e68231b}</UniqueIdentifier>
    </Filter>
    <Filter Include="High Level Interface">
      <UniqueIdentifier>{051b2608-dc51-469e-b142-ef0e4da378a0}</UniqueIdentifier>
    </Filter>
    <Filter Include="Graphics">
      <UniqueIdentifier>{9913bf67-0b06-4419-a0d9-412a0b47b2a9}</UniqueIdentifier>
    </Filter>
    <Filter Include="Input">
      <UniqueIdentifier>{8144e465-374c-4f95-a3ba-e7edbfc91552}</UniqueIdentifier>
    </Filter>
    <Filter Include="Resource">
      <UniqueIdentifier>{85b1688f-0214-43d7-8ea6-cad61b25cbc5}</UniqueIdentifier>
    </Filter>
    <Filter Include="Resource\Resources">
      <UniqueIdentifier>{cae6e04a-0132-4051-9aca-2dea756ee157}</UniqueIdentifier>
    </Filter>
    <Filter Include="GameObject">
      <UniqueIdentifier>{eae68b62-68cb-4c6a-b459-865fcfd0427b}</UniqueIdentifier>
    </Filter>
    <Filter Include="GameObject\Component">
      <UniqueIdentifier>{ea18ccb7-60ac-4923-8212-3d9bcbf0071f}</UniqueIdentifier>
    </Filter>
    <Filter Include="GameObject\Component\Script">
      <UniqueIdentifier>{669f4b9f-e7b5-423c-80f8-55ee9df56c21}</UniqueIdentifier>
    </Filter>
    <Filter Include="Scene">
      <UniqueIdentifier>{793e97b4-afe4-4d2e-a378-538335be5070}</UniqueIdentifier>
    </Filter>
    <Filter Include="Scene\Manager">
      <UniqueIdentifier>{84101c3f-fc1f-474f-8012-d4dd894d1674}</UniqueIdentifier>
    </Filter>
    <Filter Include="Scene\Layer">
      <UniqueIdentifier>{ef21b939-e833-40d4-bfa3-0f115c85d8bb}</UniqueIdentifier>
    </Filter>
    <Filter Include="Scene\Base">
      <UniqueIdentifier>{5129b1ac-a463-4179-b525-3fa759278bd0}</UniqueIdentifier>
    </Filter>
    <Filter Include="Common\TileImage">
      <UniqueIdentifier>{8fcff397-ad51-4d0f-8e70-a1899a7a6b8a}</UniqueIdentifier>
    </Filter>
    <Filter Include="Common\Object">
      <UniqueIdentifier>{21d122ca-337c-44fe-a20f-bbd9c422df3e}</UniqueIdentifier>
    </Filter>
    <Filter Include="★practice">
      <UniqueIdentifier>{ea60c8aa-265c-4925-9565-d740482574ba}</UniqueIdentifier>
    </Filter>
    <Filter Include="Common\Parser">
      <UniqueIdentifier>{c1eb6dd3-745a-4873-8754-4d822c44e018}</UniqueIdentifier>
    </Filter>
    <Filter Include="★practice\Tile">
      <UniqueIdentifier>{566726af-f8f4-4c79-abd1-fa96c6b1d1ad}</UniqueIdentifier>
    </Filter>
    <Filter Include="GameObject\Component\Collider">
      <UniqueIdentifier>{ac1532e7-99f1-47f0-b756-0d3568a4bfd1}</UniqueIdentifier>
    </Filter>
    <Filter Include="GameObject\Component\Camera">
      <UniqueIdentifier>{325e5378-70ac-4ae9-b36a-37924fbd6234}</UniqueIdentifier>
    </Filter>
    <Filter Include="GameObject\Component\Base">
      <UniqueIdentifier>{2e87fb99-d7e0-4984-ba95-38a29f6f1c51}</UniqueIdentifier>
    </Filter>
    <Filter Include="GameObject\Component\MeshRenderer">
      <UniqueIdentifier>{fe7192c8-82b3-4187-8c16-07aa7b0cf3ec}</UniqueIdentifier>
    </Filter>
    <Filter Include="GameObject\Component\Transform">
      <UniqueIdentifier>{4c816747-d1ce-4874-8dce-f5e6e868c033}</UniqueIdentifier>
    </Filter>
    <Filter Include="Resource\Material">
      <UniqueIdentifier>{94fc6e40-d357-4b14-a0c8-eb5b48063520}</UniqueIdentifier>
    </Filter>
    <Filter Include="Graphics\StructBuffer">
      <UniqueIdentifier>{b14fb97a-11ac-4cbe-a4f5-a9a84116874e}</UniqueIdentifier>
    </Filter>
    <Filter Include="Resource\Mesh">
      <UniqueIdentifier>{26240e1b-be86-4415-baca-c10046fdad03}</UniqueIdentifier>
    </Filter>
    <Filter Include="Resource\ConstantBuffer">
      <UniqueIdentifier>{714dbb75-8179-4cbf-8cfe-1892d8ecc47d}</UniqueIdentifier>
    </Filter>
    <Filter Include="Resource\Texture">
      <UniqueIdentifier>{e9be916b-bc0f-4a52-9b0a-15e4f2dec27e}</UniqueIdentifier>
    </Filter>
    <Filter Include="Resource\Shader">
      <UniqueIdentifier>{662efd55-eef0-4921-8ff4-e0e920cc7eb5}</UniqueIdentifier>
    </Filter>
    <Filter Include="Graphics\Renderer">
      <UniqueIdentifier>{fbaa5d6f-246b-49ff-ad20-17c7c0f8215c}</UniqueIdentifier>
    </Filter>
    <Filter Include="Graphics\GraphicDevice">
      <UniqueIdentifier>{635ecddb-34ee-41d6-b08c-9645f2a3d748}</UniqueIdentifier>
    </Filter>
    <Filter Include="Resource\Animation">
      <UniqueIdentifier>{b2cbeeeb-0084-45b8-913a-b1cc42dc841b}</UniqueIdentifier>
    </Filter>
    <Filter Include="GameObject\Component\Animator">
      <UniqueIdentifier>{ec7014e8-510c-4165-8a79-f0614b7a9e07}</UniqueIdentifier>
    </Filter>
    <Filter Include="Common\Commoninclude">
      <UniqueIdentifier>{8e55eaef-cd00-4a9e-8ebc-7717729eaadd}</UniqueIdentifier>
    </Filter>
  </ItemGroup>
  <ItemGroup>
    <ClInclude Include="$(MSBuildThisFileDirectory)jkEntity.h">
      <Filter>Common\Entity</Filter>
    </ClInclude>
    <ClInclude Include="$(MSBuildThisFileDirectory)jkMath.h">
      <Filter>Common\Math</Filter>
    </ClInclude>
    <ClInclude Include="$(MSBuildThisFileDirectory)jkTime.h">
      <Filter>Common\Time</Filter>
    </ClInclude>
    <ClInclude Include="$(MSBuildThisFileDirectory)jkEnums.h">
      <Filter>Common</Filter>
    </ClInclude>
    <ClInclude Include="$(MSBuildThisFileDirectory)JKEngine.h">
      <Filter>Common</Filter>
    </ClInclude>
    <ClInclude Include="$(MSBuildThisFileDirectory)jkApplication.h">
      <Filter>High Level Interface</Filter>
    </ClInclude>
    <ClInclude Include="$(MSBuildThisFileDirectory)jkGraphics.h">
      <Filter>Graphics</Filter>
    </ClInclude>
    <ClInclude Include="$(MSBuildThisFileDirectory)jkInput.h">
      <Filter>Input</Filter>
    </ClInclude>
    <ClInclude Include="$(MSBuildThisFileDirectory)jkResources.h">
      <Filter>Resource\Resources</Filter>
    </ClInclude>
    <ClInclude Include="$(MSBuildThisFileDirectory)jkResource.h">
      <Filter>Resource</Filter>
    </ClInclude>
    <ClInclude Include="$(MSBuildThisFileDirectory)jkScript.h">
      <Filter>GameObject\Component\Script</Filter>
    </ClInclude>
    <ClInclude Include="$(MSBuildThisFileDirectory)jkGameObject.h">
      <Filter>GameObject</Filter>
    </ClInclude>
    <ClInclude Include="$(MSBuildThisFileDirectory)jkSceneManager.h">
      <Filter>Scene\Manager</Filter>
    </ClInclude>
    <ClInclude Include="$(MSBuildThisFileDirectory)jkLayer.h">
      <Filter>Scene\Layer</Filter>
    </ClInclude>
    <ClInclude Include="$(MSBuildThisFileDirectory)jkScene.h">
      <Filter>Scene\Base</Filter>
    </ClInclude>
    <ClInclude Include="$(MSBuildThisFileDirectory)jkImage.h">
      <Filter>Common\TileImage</Filter>
    </ClInclude>
    <ClInclude Include="$(MSBuildThisFileDirectory)jkObject.h">
      <Filter>Common\Object</Filter>
    </ClInclude>
    <ClInclude Include="$(MSBuildThisFileDirectory)jkXmlParser.h">
      <Filter>Common\Parser</Filter>
    </ClInclude>
    <ClInclude Include="$(MSBuildThisFileDirectory)jkCollisionManager.h">
      <Filter>Scene\Manager</Filter>
    </ClInclude>
    <ClInclude Include="$(MSBuildThisFileDirectory)jkUI_Mouse.h">
      <Filter>Input</Filter>
    </ClInclude>
    <ClInclude Include="$(MSBuildThisFileDirectory)jkTile_Mouse.h">
      <Filter>★practice</Filter>
    </ClInclude>
    <ClInclude Include="$(MSBuildThisFileDirectory)jkTileMap.h">
      <Filter>Common\Parser</Filter>
    </ClInclude>
    <ClInclude Include="$(MSBuildThisFileDirectory)jkTile.h">
      <Filter>★practice\Tile</Filter>
    </ClInclude>
    <ClInclude Include="$(MSBuildThisFileDirectory)jkPalatte.h">
      <Filter>★practice\Tile</Filter>
    </ClInclude>
    <ClInclude Include="$(MSBuildThisFileDirectory)jkCollider2D.h">
      <Filter>GameObject\Component\Collider</Filter>
    </ClInclude>
    <ClInclude Include="$(MSBuildThisFileDirectory)jkCamera.h">
      <Filter>GameObject\Component\Camera</Filter>
    </ClInclude>
    <ClInclude Include="$(MSBuildThisFileDirectory)jkComponent.h">
      <Filter>GameObject\Component\Base</Filter>
    </ClInclude>
    <ClInclude Include="$(MSBuildThisFileDirectory)jkMaterial.h">
      <Filter>Resource\Material</Filter>
    </ClInclude>
    <ClInclude Include="$(MSBuildThisFileDirectory)jkMeshRenderer.h">
      <Filter>GameObject\Component\MeshRenderer</Filter>
    </ClInclude>
    <ClInclude Include="$(MSBuildThisFileDirectory)jkTransform.h">
      <Filter>GameObject\Component\Transform</Filter>
    </ClInclude>
    <ClInclude Include="$(MSBuildThisFileDirectory)jkMesh.h">
      <Filter>Resource\Mesh</Filter>
    </ClInclude>
    <ClInclude Include="$(MSBuildThisFileDirectory)jkBaseRenderer.h">
      <Filter>Graphics\Renderer</Filter>
    </ClInclude>
    <ClInclude Include="$(MSBuildThisFileDirectory)jkRenderer.h">
      <Filter>Graphics\Renderer</Filter>
    </ClInclude>
    <ClInclude Include="$(MSBuildThisFileDirectory)jkShader.h">
      <Filter>Resource\Shader</Filter>
    </ClInclude>
    <ClInclude Include="$(MSBuildThisFileDirectory)jkConstantBuffer.h">
      <Filter>Resource\ConstantBuffer</Filter>
    </ClInclude>
    <ClInclude Include="$(MSBuildThisFileDirectory)jkTexture.h">
      <Filter>Resource\Texture</Filter>
    </ClInclude>
    <ClInclude Include="$(MSBuildThisFileDirectory)jkStructuredBuffer.h">
      <Filter>Graphics\StructBuffer</Filter>
    </ClInclude>
    <ClInclude Include="$(MSBuildThisFileDirectory)jkGraphicDevice_Dx11.h">
      <Filter>Graphics\GraphicDevice</Filter>
    </ClInclude>
    <ClInclude Include="$(MSBuildThisFileDirectory)jkAnimation.h">
      <Filter>Resource\Animation</Filter>
    </ClInclude>
    <ClInclude Include="$(MSBuildThisFileDirectory)jkAnimator.h">
      <Filter>GameObject\Component\Animator</Filter>
    </ClInclude>
    <ClInclude Include="$(MSBuildThisFileDirectory)Commoninclude.h">
      <Filter>Common\Commoninclude</Filter>
    </ClInclude>
    <ClInclude Include="$(MSBuildThisFileDirectory)..\External\CMarkUp\Include\Markup.h">
      <Filter>Common\Commoninclude</Filter>
    </ClInclude>
  </ItemGroup>
  <ItemGroup>
    <ClCompile Include="$(MSBuildThisFileDirectory)jkEntity.cpp">
      <Filter>Common\Entity</Filter>
    </ClCompile>
    <ClCompile Include="$(MSBuildThisFileDirectory)jkMath.cpp">
      <Filter>Common\Math</Filter>
    </ClCompile>
    <ClCompile Include="$(MSBuildThisFileDirectory)jkTime.cpp">
      <Filter>Common\Time</Filter>
    </ClCompile>
    <ClCompile Include="$(MSBuildThisFileDirectory)jkApplication.cpp">
      <Filter>High Level Interface</Filter>
    </ClCompile>
    <ClCompile Include="$(MSBuildThisFileDirectory)jkInput.cpp">
      <Filter>Input</Filter>
    </ClCompile>
    <ClCompile Include="$(MSBuildThisFileDirectory)jkResources.cpp">
      <Filter>Resource\Resources</Filter>
    </ClCompile>
    <ClCompile Include="$(MSBuildThisFileDirectory)jkResource.cpp">
      <Filter>Resource</Filter>
    </ClCompile>
    <ClCompile Include="$(MSBuildThisFileDirectory)jkScript.cpp">
      <Filter>GameObject\Component\Script</Filter>
    </ClCompile>
    <ClCompile Include="$(MSBuildThisFileDirectory)jkSceneManager.cpp">
      <Filter>Scene\Manager</Filter>
    </ClCompile>
    <ClCompile Include="$(MSBuildThisFileDirectory)jkLayer.cpp">
      <Filter>Scene\Layer</Filter>
    </ClCompile>
    <ClCompile Include="$(MSBuildThisFileDirectory)jkScene.cpp">
      <Filter>Scene\Base</Filter>
    </ClCompile>
    <ClCompile Include="$(MSBuildThisFileDirectory)jkImage.cpp">
      <Filter>Common\TileImage</Filter>
    </ClCompile>
    <ClCompile Include="$(MSBuildThisFileDirectory)jkXmlParser.cpp">
      <Filter>Common\Parser</Filter>
    </ClCompile>
    <ClCompile Include="$(MSBuildThisFileDirectory)jkCollisionManager.cpp">
      <Filter>Scene\Manager</Filter>
    </ClCompile>
    <ClCompile Include="$(MSBuildThisFileDirectory)jkUI_Mouse.cpp">
      <Filter>Input</Filter>
    </ClCompile>
    <ClCompile Include="$(MSBuildThisFileDirectory)jkTile_Mouse.cpp">
      <Filter>★practice</Filter>
    </ClCompile>
    <ClCompile Include="$(MSBuildThisFileDirectory)jkTileMap.cpp">
      <Filter>Common\Parser</Filter>
    </ClCompile>
    <ClCompile Include="$(MSBuildThisFileDirectory)jkPalatte.cpp">
      <Filter>★practice\Tile</Filter>
    </ClCompile>
    <ClCompile Include="$(MSBuildThisFileDirectory)jkTile.cpp">
      <Filter>★practice\Tile</Filter>
    </ClCompile>
    <ClCompile Include="$(MSBuildThisFileDirectory)..\JKEngine\JKEngine.cpp">
      <Filter>Common</Filter>
    </ClCompile>
    <ClCompile Include="$(MSBuildThisFileDirectory)jkCollider2D.cpp">
      <Filter>GameObject\Component\Collider</Filter>
    </ClCompile>
    <ClCompile Include="$(MSBuildThisFileDirectory)jkCamera.cpp">
      <Filter>GameObject\Component\Camera</Filter>
    </ClCompile>
    <ClCompile Include="$(MSBuildThisFileDirectory)jkComponent.cpp">
      <Filter>GameObject\Component\Base</Filter>
    </ClCompile>
    <ClCompile Include="$(MSBuildThisFileDirectory)jkMaterial.cpp">
      <Filter>Resource\Material</Filter>
    </ClCompile>
    <ClCompile Include="$(MSBuildThisFileDirectory)jkMeshRenderer.cpp">
      <Filter>GameObject\Component\MeshRenderer</Filter>
    </ClCompile>
    <ClCompile Include="$(MSBuildThisFileDirectory)jkTransform.cpp">
      <Filter>GameObject\Component\Transform</Filter>
    </ClCompile>
    <ClCompile Include="$(MSBuildThisFileDirectory)jkMesh.cpp">
      <Filter>Resource\Mesh</Filter>
    </ClCompile>
    <ClCompile Include="$(MSBuildThisFileDirectory)jkBaseRenderer.cpp">
      <Filter>Graphics\Renderer</Filter>
    </ClCompile>
    <ClCompile Include="$(MSBuildThisFileDirectory)jkRenderer.cpp">
      <Filter>Graphics\Renderer</Filter>
    </ClCompile>
    <ClCompile Include="$(MSBuildThisFileDirectory)jkShader.cpp">
      <Filter>Resource\Shader</Filter>
    </ClCompile>
    <ClCompile Include="$(MSBuildThisFileDirectory)jkConstantBuffer.cpp">
      <Filter>Resource\ConstantBuffer</Filter>
    </ClCompile>
    <ClCompile Include="$(MSBuildThisFileDirectory)jkTexture.cpp">
      <Filter>Resource\Texture</Filter>
    </ClCompile>
    <ClCompile Include="$(MSBuildThisFileDirectory)jkStructuredBuffer.cpp">
      <Filter>Graphics\StructBuffer</Filter>
    </ClCompile>
    <ClCompile Include="$(MSBuildThisFileDirectory)jkGraphicDevice_Dx11.cpp">
      <Filter>Graphics\GraphicDevice</Filter>
    </ClCompile>
    <ClCompile Include="$(MSBuildThisFileDirectory)jkAnimation.cpp">
      <Filter>Resource\Animation</Filter>
    </ClCompile>
    <ClCompile Include="$(MSBuildThisFileDirectory)jkAnimator.cpp">
      <Filter>GameObject\Component\Animator</Filter>
    </ClCompile>
    <ClCompile Include="$(MSBuildThisFileDirectory)..\External\CMarkUp\Include\Markup.cpp">
      <Filter>Common\Commoninclude</Filter>
    </ClCompile>
  </ItemGroup>
  <ItemGroup>
    <None Include="$(MSBuildThisFileDirectory)jkMath.inl">
      <Filter>Common\Math</Filter>
    </None>
  </ItemGroup>
</Project>