<?xml version="1.0" encoding="utf-8"?>
<Project ToolsVersion="4.0" xmlns="http://schemas.microsoft.com/developer/msbuild/2003">
  <ItemGroup>
    <ClInclude Include="framework.h" />
    <ClInclude Include="LoadScenes.h">
      <Filter>Scene\Load</Filter>
    </ClInclude>
    <ClInclude Include="jkCameraScript.h">
      <Filter>Script</Filter>
    </ClInclude>
    <ClInclude Include="jkGridScript.h">
      <Filter>Script</Filter>
    </ClInclude>
    <ClInclude Include="Include_Common.h" />
    <ClInclude Include="BG.h">
      <Filter>Game_ob\BG</Filter>
    </ClInclude>
    <ClInclude Include="UI.h">
      <Filter>Game_ob\UI</Filter>
    </ClInclude>
    <ClInclude Include="Player_State_UI.h">
      <Filter>Game_ob\UI\State</Filter>
    </ClInclude>
    <ClInclude Include="UI_Camera.h">
      <Filter>Game_ob\Camera</Filter>
    </ClInclude>
    <ClInclude Include="Main_Camera.h">
      <Filter>Game_ob\Camera</Filter>
    </ClInclude>
    <ClInclude Include="Grid.h">
      <Filter>Game_ob\UI</Filter>
    </ClInclude>
    <ClInclude Include="jkToolScene.h">
      <Filter>Scene\practice</Filter>
    </ClInclude>
    <ClInclude Include="Player_Hp_Bar.h">
      <Filter>Game_ob\UI\HP_bar</Filter>
    </ClInclude>
    <ClInclude Include="Face_UI.h">
      <Filter>Game_ob\UI\Face</Filter>
    </ClInclude>
    <ClInclude Include="resource.h" />
    <ClInclude Include="jkPlayerScript.h">
      <Filter>Script</Filter>
    </ClInclude>
    <ClInclude Include="jkStage1_1.h">
      <Filter>Scene\Stage1</Filter>
    </ClInclude>
    <ClInclude Include="jkStage2_1.h">
      <Filter>Scene\Stage2</Filter>
    </ClInclude>
    <ClInclude Include="jkStage1_2.h">
      <Filter>Scene\Stage1</Filter>
    </ClInclude>
    <ClInclude Include="jkStage1_MiniBoss.h">
      <Filter>Scene\Stage1</Filter>
    </ClInclude>
    <ClInclude Include="jkStage1_Boss.h">
      <Filter>Scene\Stage1</Filter>
    </ClInclude>
    <ClInclude Include="Castle_Area.h">
      <Filter>Scene\Castle_Area</Filter>
    </ClInclude>
    <ClInclude Include="jkTitleScene.h">
      <Filter>Scene\Title</Filter>
    </ClInclude>
    <ClInclude Include="jkBack_ground.h">
      <Filter>Game_ob\BG\Back_Ground</Filter>
    </ClInclude>
    <ClInclude Include="jkCloud.h">
      <Filter>Game_ob\BG\Cloud</Filter>
    </ClInclude>
    <ClInclude Include="jkPlayScene.h">
      <Filter>Scene\Base</Filter>
    </ClInclude>
    <ClInclude Include="jkTile_Ground.h">
      <Filter>Game_ob\BG\Tile</Filter>
    </ClInclude>
    <ClInclude Include="Skul_head.h">
      <Filter>Game_ob\PLAYER\Skul_Head</Filter>
    </ClInclude>
    <ClInclude Include="Monster.h">
      <Filter>Game_ob\Monster</Filter>
    </ClInclude>
    <ClInclude Include="Mini_Boss.h">
      <Filter>Game_ob\MiniBoss</Filter>
    </ClInclude>
    <ClInclude Include="Boss.h">
      <Filter>Game_ob\Boss</Filter>
    </ClInclude>
    <ClInclude Include="Knight_male.h">
      <Filter>Game_ob\MiniBoss\Knight_male</Filter>
    </ClInclude>
    <ClInclude Include="Archer.h">
      <Filter>Game_ob\MiniBoss\Archer</Filter>
    </ClInclude>
    <ClInclude Include="Monster_Hammer.h">
      <Filter>Game_ob\Monster\Monster_Hammer</Filter>
    </ClInclude>
    <ClInclude Include="Monster_warrior.h">
      <Filter>Game_ob\Monster\Monster_warrior</Filter>
    </ClInclude>
    <ClInclude Include="Stone_wizard.h">
      <Filter>Game_ob\Monster\Monster_Stone_wizard</Filter>
    </ClInclude>
    <ClInclude Include="Yggdrasil.h">
      <Filter>Game_ob\Boss\Yggdrasil</Filter>
    </ClInclude>
    <ClInclude Include="Yggdrasil_Body.h">
      <Filter>Game_ob\Boss\Yggdrasil</Filter>
    </ClInclude>
    <ClInclude Include="Yggdrasil_Chin.h">
      <Filter>Game_ob\Boss\Yggdrasil</Filter>
    </ClInclude>
    <ClInclude Include="Yggdrasil_Face.h">
      <Filter>Game_ob\Boss\Yggdrasil</Filter>
    </ClInclude>
    <ClInclude Include="Yggdrasil_Hand_Right.h">
      <Filter>Game_ob\Boss\Yggdrasil</Filter>
    </ClInclude>
    <ClInclude Include="Yggdrasil_Hand_Left.h">
      <Filter>Game_ob\Boss\Yggdrasil</Filter>
    </ClInclude>
    <ClInclude Include="Monster_BigEnt.h">
      <Filter>Game_ob\Monster\Monster_BigEnt</Filter>
    </ClInclude>
    <ClInclude Include="Monster_GreenTree.h">
      <Filter>Game_ob\Monster\Monster_GreenTree</Filter>
    </ClInclude>
    <ClInclude Include="Monster_BlossomEnt.h">
      <Filter>Game_ob\Monster\Monster_Blossom</Filter>
    </ClInclude>
    <ClInclude Include="Mage.h">
      <Filter>Game_ob\MiniBoss\Mage</Filter>
    </ClInclude>
    <ClInclude Include="Cleric.h">
      <Filter>Game_ob\MiniBoss\Cleric</Filter>
    </ClInclude>
    <ClInclude Include="Bullet.h">
      <Filter>Game_ob\Bullet</Filter>
    </ClInclude>
    <ClInclude Include="Effect.h">
      <Filter>Game_ob\Effect</Filter>
    </ClInclude>
    <ClInclude Include="Yggdrasil_BasicBullet.h">
      <Filter>Game_ob\Boss\Yggdrasil\_YggdrasilBullet</Filter>
    </ClInclude>
    <ClInclude Include="Yggdrasil_Energy_Bomb.h">
      <Filter>Game_ob\Boss\Yggdrasil\_YggdrasilBullet</Filter>
    </ClInclude>
    <ClInclude Include="Yggdrsil_Energy_Corps.h">
      <Filter>Game_ob\Boss\Yggdrasil\_YggdrasilBullet</Filter>
    </ClInclude>
    <ClInclude Include="Yggdrasil_Effect.h">
      <Filter>Game_ob\Boss\Yggdrasil\Effect</Filter>
    </ClInclude>
    <ClInclude Include="Layana_Sisters.h">
      <Filter>Game_ob\Boss\Layana_Sisters</Filter>
    </ClInclude>
    <ClInclude Include="Layana_LongHair.h">
      <Filter>Game_ob\Boss\Layana_Sisters</Filter>
    </ClInclude>
    <ClInclude Include="Layana_ShortHair.h">
      <Filter>Game_ob\Boss\Layana_Sisters</Filter>
    </ClInclude>
    <ClInclude Include="Homing_Pierce_LongHair.h">
      <Filter>Game_ob\Boss\Layana_Sisters\Layana_Bullet</Filter>
    </ClInclude>
    <ClInclude Include="Rising_Pierce.h">
      <Filter>Game_ob\Boss\Layana_Sisters\Layana_Bullet</Filter>
    </ClInclude>
    <ClInclude Include="Dimension_Pierce_BossEffect.h">
      <Filter>Game_ob\Boss\Layana_Sisters\Layana_Efeect</Filter>
    </ClInclude>
    <ClInclude Include="Dimension_Pierce.h">
      <Filter>Game_ob\Boss\Layana_Sisters\Layana_Bullet</Filter>
    </ClInclude>
    <ClInclude Include="Dimension_Pierce_BulletEffect.h">
      <Filter>Game_ob\Boss\Layana_Sisters\Layana_Efeect</Filter>
    </ClInclude>
    <ClInclude Include="Homing_Pierce_ShortHair.h">
      <Filter>Game_ob\Boss\Layana_Sisters\Layana_Bullet</Filter>
    </ClInclude>
    <ClInclude Include="TwinMeteor_Effect.h">
      <Filter>Game_ob\Boss\Layana_Sisters\Layana_Efeect</Filter>
    </ClInclude>
    <ClInclude Include="TwinMeteor_Boss.h">
      <Filter>Game_ob\Boss\Layana_Sisters\Layana_Efeect</Filter>
    </ClInclude>
    <ClInclude Include="Yggdrasil_EnergyBullet_Effect.h">
      <Filter>Game_ob\Boss\Yggdrasil\Effect</Filter>
    </ClInclude>
    <ClInclude Include="Yggdrasil_FistSlam_Effect.h">
      <Filter>Game_ob\Boss\Yggdrasil\Effect</Filter>
    </ClInclude>
    <ClInclude Include="Yggdrasil_Sweeping.h">
      <Filter>Game_ob\Boss\Yggdrasil\Effect</Filter>
    </ClInclude>
    <ClInclude Include="Yggdrasil_EnergeBall_CreateEffect.h">
      <Filter>Game_ob\Boss\Yggdrasil\Effect</Filter>
    </ClInclude>
    <ClInclude Include="Yggdrasil_Groggy_GroundEffect.h">
      <Filter>Game_ob\Boss\Yggdrasil\Effect</Filter>
    </ClInclude>
    <ClInclude Include="Yggdrasil_EnergyCorps_Charging.h">
      <Filter>Game_ob\Boss\Yggdrasil\Effect</Filter>
    </ClInclude>
    <ClInclude Include="Yggdrasil_EnergyCorps_Spark.h">
      <Filter>Game_ob\Boss\Yggdrasil\Effect</Filter>
    </ClInclude>
    <ClInclude Include="Yggdraisl_Groggy_StartImpact.h">
      <Filter>Game_ob\Boss\Yggdrasil\Effect</Filter>
    </ClInclude>
    <ClInclude Include="Knight_male_EnergeBall.h">
      <Filter>Game_ob\MiniBoss\Knight_male\Bullet</Filter>
    </ClInclude>
    <ClInclude Include="Kngiht_EnergyBall_Impact.h">
      <Filter>Game_ob\MiniBoss\Knight_male\Effect</Filter>
    </ClInclude>
    <ClInclude Include="Knight_EnergyBall_StartEffect.h">
      <Filter>Game_ob\MiniBoss\Knight_male\Effect</Filter>
    </ClInclude>
    <ClInclude Include="Knight_Energe_Blast.h">
      <Filter>Game_ob\MiniBoss\Knight_male\Bullet</Filter>
    </ClInclude>
    <ClInclude Include="Knight_UltimateSkill_Projectile.h">
      <Filter>Game_ob\MiniBoss\Knight_male\Bullet</Filter>
    </ClInclude>
    <ClInclude Include="Archer_Arrow.h">
      <Filter>Game_ob\MiniBoss\Archer\Bullet</Filter>
    </ClInclude>
    <ClInclude Include="Archer_Arrow_Upward_Sign.h">
      <Filter>Game_ob\MiniBoss\Archer\Effect</Filter>
    </ClInclude>
    <ClInclude Include="Archer_Upward_Impact_Bullet.h">
      <Filter>Game_ob\MiniBoss\Archer\Bullet</Filter>
    </ClInclude>
    <ClInclude Include="Archer_Arrow_Bye.h">
      <Filter>Game_ob\MiniBoss\Archer\Effect</Filter>
    </ClInclude>
    <ClInclude Include="Archer_Trap.h">
      <Filter>Game_ob\MiniBoss\Archer\Bullet</Filter>
    </ClInclude>
    <ClInclude Include="Public_Ultimate_Aura.h">
      <Filter>Game_ob\MiniBoss\Public\Effect</Filter>
    </ClInclude>
    <ClInclude Include="Public_Ultimate_AuraSmoke.h">
      <Filter>Game_ob\MiniBoss\Public\Effect</Filter>
    </ClInclude>
    <ClInclude Include="Public_UltimateSkill_Effect_Complete.h">
      <Filter>Game_ob\MiniBoss\Public\Effect</Filter>
    </ClInclude>
    <ClInclude Include="Public_UltimateSkill_Effect_Fail.h">
      <Filter>Game_ob\MiniBoss\Public\Effect</Filter>
    </ClInclude>
    <ClInclude Include="Archer_Utimate_Sign.h">
      <Filter>Game_ob\MiniBoss\Archer\Effect</Filter>
    </ClInclude>
    <ClInclude Include="Archer_Ultimate_Bye.h">
      <Filter>Game_ob\MiniBoss\Archer\Effect</Filter>
    </ClInclude>
    <ClInclude Include="Cleric_Attack_Sign.h">
      <Filter>Game_ob\MiniBoss\Cleric\Effect</Filter>
    </ClInclude>
    <ClInclude Include="Cleric_HolyThunder.h">
      <Filter>Game_ob\MiniBoss\Cleric\Bullet</Filter>
    </ClInclude>
    <ClInclude Include="Cleric_Veteran_Sanctuary.h">
      <Filter>Game_ob\MiniBoss\Cleric\Bullet</Filter>
    </ClInclude>
    <ClInclude Include="Public_Heal_Effect.h">
      <Filter>Game_ob\MiniBoss\Public\Effect</Filter>
    </ClInclude>
    <ClInclude Include="Cleric_Ultimate_SkillEffect.h">
      <Filter>Game_ob\MiniBoss\Cleric\Effect</Filter>
    </ClInclude>
    <ClInclude Include="Ultimate_OnFire_Ready.h">
      <Filter>Game_ob\MiniBoss\Mage\Effect</Filter>
    </ClInclude>
    <ClInclude Include="Ultimate_OnFire.h">
      <Filter>Game_ob\MiniBoss\Mage\Effect</Filter>
    </ClInclude>
    <ClInclude Include="Ultimate_On_Fire_Projectile.h">
      <Filter>Game_ob\MiniBoss\Mage\Bullet</Filter>
    </ClInclude>
    <ClInclude Include="Ultimate_OnFire_Fire.h">
      <Filter>Game_ob\MiniBoss\Mage\Effect</Filter>
    </ClInclude>
    <ClInclude Include="Mage_FireBall.h">
      <Filter>Game_ob\MiniBoss\Mage\Bullet</Filter>
    </ClInclude>
    <ClInclude Include="Mage_BoomSign.h">
      <Filter>Game_ob\MiniBoss\Mage\Effect</Filter>
    </ClInclude>
    <ClInclude Include="Mage_FireBoom.h">
      <Filter>Game_ob\MiniBoss\Mage\Bullet</Filter>
    </ClInclude>
    <ClInclude Include="Mage_Landing_Ready.h">
      <Filter>Game_ob\MiniBoss\Mage\Effect</Filter>
    </ClInclude>
    <ClInclude Include="Mage_Phoenix_Landing.h">
      <Filter>Game_ob\MiniBoss\Mage\Effect</Filter>
    </ClInclude>
    <ClInclude Include="Mage_Phoenix_Landing_Land.h">
      <Filter>Game_ob\MiniBoss\Mage\Effect</Filter>
    </ClInclude>
    <ClInclude Include="Attack_HitBox.h">
      <Filter>Game_ob\HitBox\Base</Filter>
    </ClInclude>
    <ClInclude Include="HitBox_Player.h">
      <Filter>Game_ob\HitBox\Player</Filter>
    </ClInclude>
    <ClInclude Include="HitBox_Monster.h">
      <Filter>Game_ob\HitBox\Monster</Filter>
    </ClInclude>
    <ClInclude Include="Monster_Tackle_Flash_Effect.h">
      <Filter>Game_ob\Monster\Public\Effect</Filter>
    </ClInclude>
    <ClInclude Include="Monster_StoneWizard_Teleport.h">
      <Filter>Game_ob\Monster\Monster_Stone_wizard\Effect</Filter>
    </ClInclude>
    <ClInclude Include="Monster_StoneWizard_Icicle_Effect.h">
      <Filter>Game_ob\Monster\Monster_Stone_wizard\Effect</Filter>
    </ClInclude>
    <ClInclude Include="Monster_Stone_wizard_IcicleBullet.h">
      <Filter>Game_ob\Monster\Monster_Stone_wizard\Bullet</Filter>
    </ClInclude>
    <ClInclude Include="Monster_BigEnt_EnergeBall.h">
      <Filter>Game_ob\Monster\Monster_BigEnt\Bullet</Filter>
    </ClInclude>
    <ClInclude Include="Monster_GiganticEnt_Stamp.h">
      <Filter>Game_ob\Monster\Monster_BigEnt\Effect</Filter>
    </ClInclude>
    <ClInclude Include="Monster_GroundAttack_Sign.h">
      <Filter>Game_ob\Monster\Public\Effect</Filter>
    </ClInclude>
    <ClInclude Include="Monster_Ent_GroundAttack.h">
      <Filter>Game_ob\Monster\Monster_GreenTree\Bullet</Filter>
    </ClInclude>
    <ClInclude Include="Monster_Blossomeenct_Attack.h">
      <Filter>Game_ob\Monster\Monster_Blossom\Bullet</Filter>
    </ClInclude>
    <ClInclude Include="Layana_Dark_Awaken.h">
      <Filter>Game_ob\Boss\Layana_Sisters</Filter>
    </ClInclude>
    <ClInclude Include="Layana_Awken_Rush_Sign.h">
      <Filter>Game_ob\Boss\Layana_Sisters\Awaken_Effect</Filter>
    </ClInclude>
    <ClInclude Include="Latana_Awake_Rush_Bullet.h">
      <Filter>Game_ob\Boss\Layana_Sisters\Awaken_Bullet</Filter>
    </ClInclude>
    <ClInclude Include="Layana_Awaken_Meteoreffect.h">
      <Filter>Game_ob\Boss\Layana_Sisters\Awaken_Effect</Filter>
    </ClInclude>
    <ClInclude Include="Layana_Awaken_Ground_Sign.h">
      <Filter>Game_ob\Boss\Layana_Sisters\Awaken_Effect</Filter>
    </ClInclude>
    <ClInclude Include="Layana_Awaken_Ground_Thunder_Sign.h">
      <Filter>Game_ob\Boss\Layana_Sisters\Awaken_Effect</Filter>
    </ClInclude>
    <ClInclude Include="Layana_Awake_Ground_DashSmoke.h">
      <Filter>Game_ob\Boss\Layana_Sisters\Awaken_Effect</Filter>
    </ClInclude>
    <ClInclude Include="Layana_Ground_Thunder.h">
      <Filter>Game_ob\Boss\Layana_Sisters\Awaken_Bullet</Filter>
    </ClInclude>
    <ClInclude Include="Layana_Awaken_GoldenMeteor_Effect.h">
      <Filter>Game_ob\Boss\Layana_Sisters\Awaken_Effect</Filter>
    </ClInclude>
    <ClInclude Include="Layana_Awaken_Meteor_Electric.h">
      <Filter>Game_ob\Boss\Layana_Sisters\Awaken_Effect</Filter>
    </ClInclude>
    <ClInclude Include="Layana_Awaken_Meteor_Projectile.h">
      <Filter>Game_ob\Boss\Layana_Sisters\Awaken_Bullet</Filter>
    </ClInclude>
    <ClInclude Include="Layana_Dark_HomingPierce.h">
      <Filter>Game_ob\Boss\Layana_Sisters\Awaken_Effect</Filter>
    </ClInclude>
    <ClInclude Include="Layana_Dark_HomingPierce_Effect.h">
      <Filter>Game_ob\Boss\Layana_Sisters\Awaken_Effect</Filter>
    </ClInclude>
    <ClInclude Include="Layana_Awaken_Homing_Attac.h">
      <Filter>Game_ob\Boss\Layana_Sisters\Awaken_Bullet</Filter>
    </ClInclude>
    <ClInclude Include="Dark_DimensionPierce_Attack.h">
      <Filter>Game_ob\Boss\Layana_Sisters\Awaken_Effect</Filter>
    </ClInclude>
    <ClInclude Include="Dark_DimensionPierce_Sign.h">
      <Filter>Game_ob\Boss\Layana_Sisters\Awaken_Effect</Filter>
    </ClInclude>
    <ClInclude Include="Dark_DimensionPierce_BulletEffect.h">
      <Filter>Game_ob\Boss\Layana_Sisters\Awaken_Bullet</Filter>
    </ClInclude>
    <ClInclude Include="Ground_and_Wall.h">
      <Filter>Game_ob\BG\Tile\Image_Ground</Filter>
    </ClInclude>
    <ClInclude Include="Ground_Map.h">
      <Filter>Game_ob\BG\Tile\Image_Ground</Filter>
    </ClInclude>
    <ClInclude Include="Sky_Ground.h">
      <Filter>Game_ob\BG\Tile\Image_Ground</Filter>
    </ClInclude>
    <ClInclude Include="jkStage2_2.h">
      <Filter>Scene\Stage2</Filter>
    </ClInclude>
    <ClInclude Include="jkStage2_MiniBoss.h">
      <Filter>Scene\Stage2</Filter>
    </ClInclude>
    <ClInclude Include="jkStage2_Boss.h">
      <Filter>Scene\Stage2</Filter>
    </ClInclude>
    <ClInclude Include="Monster_Goldwarrior.h">
      <Filter>Game_ob\Monster\Monster_Goldwarrior</Filter>
    </ClInclude>
    <ClInclude Include="Monster_Hit_Effect.h">
      <Filter>Game_ob\Monster\Public\Effect</Filter>
    </ClInclude>
    <ClInclude Include="Monster_Death_Effect.h">
      <Filter>Game_ob\Monster\Public\Effect</Filter>
    </ClInclude>
    <ClInclude Include="Player_Hit_Effect.h">
      <Filter>Game_ob\PLAYER\Effect</Filter>
    </ClInclude>
    <ClInclude Include="Monster_Hammer_Effect.h">
      <Filter>Game_ob\Monster\Public\Effect</Filter>
    </ClInclude>
    <ClInclude Include="Monster_GoldHammer.h">
      <Filter>Game_ob\Monster\Monster_GoldHammer</Filter>
    </ClInclude>
    <ClInclude Include="Hit_Sword.h">
      <Filter>Game_ob\PLAYER\Effect</Filter>
    </ClInclude>
    <ClInclude Include="Monster_Bullet.h">
      <Filter>Game_ob\Bullet</Filter>
    </ClInclude>
    <ClInclude Include="MiniBoss_Bullet_Archer.h">
      <Filter>Game_ob\Bullet</Filter>
    </ClInclude>
    <ClInclude Include="Player.h">
      <Filter>Game_ob\PLAYER\Chatacter</Filter>
    </ClInclude>
    <ClInclude Include="Skul_Basic.h">
      <Filter>Game_ob\PLAYER\Chatacter</Filter>
    </ClInclude>
    <ClInclude Include="Skul_Nohead.h">
      <Filter>Game_ob\PLAYER\Chatacter</Filter>
    </ClInclude>
    <ClInclude Include="Skul_Spear.h">
      <Filter>Game_ob\PLAYER\Chatacter</Filter>
    </ClInclude>
    <ClInclude Include="Skul_Sword.h">
      <Filter>Game_ob\PLAYER\Chatacter</Filter>
    </ClInclude>
    <ClInclude Include="Skul_Thief.h">
      <Filter>Game_ob\PLAYER\Chatacter</Filter>
    </ClInclude>
    <ClInclude Include="Skul_Wolf.h">
      <Filter>Game_ob\PLAYER\Chatacter</Filter>
    </ClInclude>
    <ClInclude Include="Hit_Critical_Middle.h">
      <Filter>Game_ob\PLAYER\Effect</Filter>
    </ClInclude>
    <ClInclude Include="Hit_Critical_High.h">
      <Filter>Game_ob\PLAYER\Effect</Filter>
    </ClInclude>
    <ClInclude Include="Slash_Effect.h">
      <Filter>Game_ob\PLAYER\Effect</Filter>
    </ClInclude>
    <ClInclude Include="HitBox_Archer.h">
      <Filter>Game_ob\HitBox\MiniBoss</Filter>
    </ClInclude>
    <ClInclude Include="HitBox_Knight.h">
      <Filter>Game_ob\HitBox\MiniBoss</Filter>
    </ClInclude>
    <ClInclude Include="MiniBoss_Bullet_Knight.h">
      <Filter>Game_ob\Bullet</Filter>
    </ClInclude>
    <ClInclude Include="Hit_DarkPaladin.h">
      <Filter>Game_ob\PLAYER\Effect</Filter>
    </ClInclude>
    <ClInclude Include="Fireball_Projectile_Hit.h">
      <Filter>Game_ob\MiniBoss\Mage\Effect</Filter>
    </ClInclude>
    <ClInclude Include="Ultimate_On_Fire_Projectile_Hit.h">
      <Filter>Game_ob\MiniBoss\Mage\Effect</Filter>
    </ClInclude>
    <ClInclude Include="HitBox_Mage.h">
      <Filter>Game_ob\HitBox\MiniBoss</Filter>
    </ClInclude>
    <ClInclude Include="OutSide_CastleArea.h">
      <Filter>Scene\Castle_Area</Filter>
    </ClInclude>
    <ClInclude Include="Stage1_Door.h">
      <Filter>Game_ob\Door</Filter>
    </ClInclude>
    <ClInclude Include="Door.h">
      <Filter>Game_ob\BG\Door</Filter>
    </ClInclude>
    <ClInclude Include="Stage_end_wall.h">
      <Filter>Game_ob\Stage_end_wall</Filter>
    </ClInclude>
    <ClInclude Include="Stage_end_table.h">
      <Filter>Game_ob\Stage_end_table</Filter>
    </ClInclude>
    <ClInclude Include="NPC_by_stage.h">
      <Filter>Game_ob\NPC</Filter>
    </ClInclude>
    <ClInclude Include="Item_OBJ.h">
      <Filter>Game_ob\Item</Filter>
    </ClInclude>
    <ClInclude Include="HitBox_YggDrasil.h">
      <Filter>Game_ob\HitBox\Boss</Filter>
    </ClInclude>
    <ClInclude Include="Alpha_Blend.h">
      <Filter>Game_ob\Alpha_Blend</Filter>
    </ClInclude>
    <ClInclude Include="Player_AfterImage.h">
      <Filter>Game_ob</Filter>
    </ClInclude>
  </ItemGroup>
  <ItemGroup>
    <ClCompile Include="jkCameraScript.cpp">
      <Filter>Script</Filter>
    </ClCompile>
    <ClCompile Include="jkGridScript.cpp">
      <Filter>Script</Filter>
    </ClCompile>
    <ClCompile Include="BG.cpp">
      <Filter>Game_ob\BG</Filter>
    </ClCompile>
    <ClCompile Include="UI.cpp">
      <Filter>Game_ob\UI</Filter>
    </ClCompile>
    <ClCompile Include="Player_State_UI.cpp">
      <Filter>Game_ob\UI\State</Filter>
    </ClCompile>
    <ClCompile Include="Main_Camera.cpp">
      <Filter>Game_ob\Camera</Filter>
    </ClCompile>
    <ClCompile Include="UI_Camera.cpp">
      <Filter>Game_ob\Camera</Filter>
    </ClCompile>
    <ClCompile Include="Grid.cpp">
      <Filter>Game_ob\UI</Filter>
    </ClCompile>
    <ClCompile Include="jkToolScene.cpp">
      <Filter>Scene\practice</Filter>
    </ClCompile>
    <ClCompile Include="Player_Hp_Bar.cpp">
      <Filter>Game_ob\UI\HP_bar</Filter>
    </ClCompile>
    <ClCompile Include="Face_UI.cpp">
      <Filter>Game_ob\UI\Face</Filter>
    </ClCompile>
    <ClCompile Include="jkPlayerScript.cpp">
      <Filter>Script</Filter>
    </ClCompile>
    <ClCompile Include="jkStage1_1.cpp">
      <Filter>Scene\Stage1</Filter>
    </ClCompile>
    <ClCompile Include="jkStage2_1.cpp">
      <Filter>Scene\Stage2</Filter>
    </ClCompile>
    <ClCompile Include="jkStage1_2.cpp">
      <Filter>Scene\Stage1</Filter>
    </ClCompile>
    <ClCompile Include="jkStage1_MiniBoss.cpp">
      <Filter>Scene\Stage1</Filter>
    </ClCompile>
    <ClCompile Include="jkStage1_Boss.cpp">
      <Filter>Scene\Stage1</Filter>
    </ClCompile>
    <ClCompile Include="Castle_Area.cpp">
      <Filter>Scene\Castle_Area</Filter>
    </ClCompile>
    <ClCompile Include="jkTitleScene.cpp">
      <Filter>Scene\Title</Filter>
    </ClCompile>
    <ClCompile Include="jkBack_ground.cpp">
      <Filter>Game_ob\BG\Back_Ground</Filter>
    </ClCompile>
    <ClCompile Include="jkCloud.cpp">
      <Filter>Game_ob\BG\Cloud</Filter>
    </ClCompile>
    <ClCompile Include="jkPlayScene.cpp">
      <Filter>Scene\Base</Filter>
    </ClCompile>
    <ClCompile Include="jkTile_Ground.cpp">
      <Filter>Game_ob\BG\Tile</Filter>
    </ClCompile>
    <ClCompile Include="Skul_head.cpp">
      <Filter>Game_ob\PLAYER\Skul_Head</Filter>
    </ClCompile>
    <ClCompile Include="Monster.cpp">
      <Filter>Game_ob\Monster</Filter>
    </ClCompile>
    <ClCompile Include="Mini_Boss.cpp">
      <Filter>Game_ob\MiniBoss</Filter>
    </ClCompile>
    <ClCompile Include="Boss.cpp">
      <Filter>Game_ob\Boss</Filter>
    </ClCompile>
    <ClCompile Include="Knight_male.cpp">
      <Filter>Game_ob\MiniBoss\Knight_male</Filter>
    </ClCompile>
    <ClCompile Include="Archer.cpp">
      <Filter>Game_ob\MiniBoss\Archer</Filter>
    </ClCompile>
    <ClCompile Include="Monster_Hammer.cpp">
      <Filter>Game_ob\Monster\Monster_Hammer</Filter>
    </ClCompile>
    <ClCompile Include="Monster_warrior.cpp">
      <Filter>Game_ob\Monster\Monster_warrior</Filter>
    </ClCompile>
    <ClCompile Include="Stone_wizard.cpp">
      <Filter>Game_ob\Monster\Monster_Stone_wizard</Filter>
    </ClCompile>
    <ClCompile Include="Yggdrasil.cpp">
      <Filter>Game_ob\Boss\Yggdrasil</Filter>
    </ClCompile>
    <ClCompile Include="Yggdrasil_Body.cpp">
      <Filter>Game_ob\Boss\Yggdrasil</Filter>
    </ClCompile>
    <ClCompile Include="Yggdrasil_Chin.cpp">
      <Filter>Game_ob\Boss\Yggdrasil</Filter>
    </ClCompile>
    <ClCompile Include="Yggdrasil_Face.cpp">
      <Filter>Game_ob\Boss\Yggdrasil</Filter>
    </ClCompile>
    <ClCompile Include="Yggdrasil_Hand_Right.cpp">
      <Filter>Game_ob\Boss\Yggdrasil</Filter>
    </ClCompile>
    <ClCompile Include="Yggdrasil_Hand_Left.cpp">
      <Filter>Game_ob\Boss\Yggdrasil</Filter>
    </ClCompile>
    <ClCompile Include="Monster_BigEnt.cpp">
      <Filter>Game_ob\Monster\Monster_BigEnt</Filter>
    </ClCompile>
    <ClCompile Include="Monster_GreenTree.cpp">
      <Filter>Game_ob\Monster\Monster_GreenTree</Filter>
    </ClCompile>
    <ClCompile Include="Monster_BlossomEnt.cpp">
      <Filter>Game_ob\Monster\Monster_Blossom</Filter>
    </ClCompile>
    <ClCompile Include="Mage.cpp">
      <Filter>Game_ob\MiniBoss\Mage</Filter>
    </ClCompile>
    <ClCompile Include="Cleric.cpp">
      <Filter>Game_ob\MiniBoss\Cleric</Filter>
    </ClCompile>
    <ClCompile Include="Bullet.cpp">
      <Filter>Game_ob\Bullet</Filter>
    </ClCompile>
    <ClCompile Include="Effect.cpp">
      <Filter>Game_ob\Effect</Filter>
    </ClCompile>
    <ClCompile Include="Yggdrasil_BasicBullet.cpp">
      <Filter>Game_ob\Boss\Yggdrasil\_YggdrasilBullet</Filter>
    </ClCompile>
    <ClCompile Include="Yggdrasil_Energy_Bomb.cpp">
      <Filter>Game_ob\Boss\Yggdrasil\_YggdrasilBullet</Filter>
    </ClCompile>
    <ClCompile Include="Yggdrsil_Energy_Corps.cpp">
      <Filter>Game_ob\Boss\Yggdrasil\_YggdrasilBullet</Filter>
    </ClCompile>
    <ClCompile Include="Yggdrasil_Effect.cpp">
      <Filter>Game_ob\Boss\Yggdrasil\Effect</Filter>
    </ClCompile>
    <ClCompile Include="Layana_LongHair.cpp">
      <Filter>Game_ob\Boss\Layana_Sisters</Filter>
    </ClCompile>
    <ClCompile Include="Layana_ShortHair.cpp">
      <Filter>Game_ob\Boss\Layana_Sisters</Filter>
    </ClCompile>
    <ClCompile Include="Layana_Sisters.cpp">
      <Filter>Game_ob\Boss\Layana_Sisters</Filter>
    </ClCompile>
    <ClCompile Include="Homing_Pierce_LongHair.cpp">
      <Filter>Game_ob\Boss\Layana_Sisters\Layana_Bullet</Filter>
    </ClCompile>
    <ClCompile Include="Rising_Pierce.cpp">
      <Filter>Game_ob\Boss\Layana_Sisters\Layana_Bullet</Filter>
    </ClCompile>
    <ClCompile Include="Dimension_Pierce_BossEffect.cpp">
      <Filter>Game_ob\Boss\Layana_Sisters\Layana_Efeect</Filter>
    </ClCompile>
    <ClCompile Include="Dimension_Pierce.cpp">
      <Filter>Game_ob\Boss\Layana_Sisters\Layana_Bullet</Filter>
    </ClCompile>
    <ClCompile Include="Dimension_Pierce_BulletEffect.cpp">
      <Filter>Game_ob\Boss\Layana_Sisters\Layana_Efeect</Filter>
    </ClCompile>
    <ClCompile Include="Homing_Pierce_ShortHair.cpp">
      <Filter>Game_ob\Boss\Layana_Sisters\Layana_Bullet</Filter>
    </ClCompile>
    <ClCompile Include="TwinMeteor_Boss.cpp">
      <Filter>Game_ob\Boss\Layana_Sisters\Layana_Efeect</Filter>
    </ClCompile>
    <ClCompile Include="TwinMeteor_Effect.cpp">
      <Filter>Game_ob\Boss\Layana_Sisters\Layana_Efeect</Filter>
    </ClCompile>
    <ClCompile Include="Yggdrasil_EnergyBullet_Effect.cpp">
      <Filter>Game_ob\Boss\Yggdrasil\Effect</Filter>
    </ClCompile>
    <ClCompile Include="Yggdrasil_FistSlam_Effect.cpp">
      <Filter>Game_ob\Boss\Yggdrasil\Effect</Filter>
    </ClCompile>
    <ClCompile Include="Yggdrasil_Sweeping.cpp">
      <Filter>Game_ob\Boss\Yggdrasil\Effect</Filter>
    </ClCompile>
    <ClCompile Include="Yggdrasil_EnergeBall_CreateEffect.cpp">
      <Filter>Game_ob\Boss\Yggdrasil\Effect</Filter>
    </ClCompile>
    <ClCompile Include="Yggdrasil_Groggy_GroundEffect.cpp">
      <Filter>Game_ob\Boss\Yggdrasil\Effect</Filter>
    </ClCompile>
    <ClCompile Include="Yggdrasil_EnergyCorps_Charging.cpp">
      <Filter>Game_ob\Boss\Yggdrasil\Effect</Filter>
    </ClCompile>
    <ClCompile Include="Yggdrasil_EnergyCorps_Spark.cpp">
      <Filter>Game_ob\Boss\Yggdrasil\Effect</Filter>
    </ClCompile>
    <ClCompile Include="Yggdraisl_Groggy_StartImpact.cpp">
      <Filter>Game_ob\Boss\Yggdrasil\Effect</Filter>
    </ClCompile>
    <ClCompile Include="Knight_male_EnergeBall.cpp">
      <Filter>Game_ob\MiniBoss\Knight_male\Bullet</Filter>
    </ClCompile>
    <ClCompile Include="Kngiht_EnergyBall_Impact.cpp">
      <Filter>Game_ob\MiniBoss\Knight_male\Effect</Filter>
    </ClCompile>
    <ClCompile Include="Knight_EnergyBall_StartEffect.cpp">
      <Filter>Game_ob\MiniBoss\Knight_male\Effect</Filter>
    </ClCompile>
    <ClCompile Include="Knight_Energe_Blast.cpp">
      <Filter>Game_ob\MiniBoss\Knight_male\Bullet</Filter>
    </ClCompile>
    <ClCompile Include="Knight_UltimateSkill_Projectile.cpp">
      <Filter>Game_ob\MiniBoss\Knight_male\Bullet</Filter>
    </ClCompile>
    <ClCompile Include="Archer_Arrow.cpp">
      <Filter>Game_ob\MiniBoss\Archer\Bullet</Filter>
    </ClCompile>
    <ClCompile Include="Archer_Arrow_Upward_Sign.cpp">
      <Filter>Game_ob\MiniBoss\Archer\Effect</Filter>
    </ClCompile>
    <ClCompile Include="Archer_Upward_Impact_Bullet.cpp">
      <Filter>Game_ob\MiniBoss\Archer\Bullet</Filter>
    </ClCompile>
    <ClCompile Include="Archer_Arrow_Bye.cpp">
      <Filter>Game_ob\MiniBoss\Archer\Effect</Filter>
    </ClCompile>
    <ClCompile Include="Archer_Trap.cpp">
      <Filter>Game_ob\MiniBoss\Archer\Bullet</Filter>
    </ClCompile>
    <ClCompile Include="Public_Ultimate_Aura.cpp">
      <Filter>Game_ob\MiniBoss\Public\Effect</Filter>
    </ClCompile>
    <ClCompile Include="Public_Ultimate_AuraSmoke.cpp">
      <Filter>Game_ob\MiniBoss\Public\Effect</Filter>
    </ClCompile>
    <ClCompile Include="Public_UltimateSkill_Effect_Complete.cpp">
      <Filter>Game_ob\MiniBoss\Public\Effect</Filter>
    </ClCompile>
    <ClCompile Include="Public_UltimateSkill_Effect_Fail.cpp">
      <Filter>Game_ob\MiniBoss\Public\Effect</Filter>
    </ClCompile>
    <ClCompile Include="Archer_Utimate_Sign.cpp">
      <Filter>Game_ob\MiniBoss\Archer\Effect</Filter>
    </ClCompile>
    <ClCompile Include="Archer_Ultimate_Bye.cpp">
      <Filter>Game_ob\MiniBoss\Archer\Effect</Filter>
    </ClCompile>
    <ClCompile Include="Cleric_Attack_Sign.cpp">
      <Filter>Game_ob\MiniBoss\Cleric\Effect</Filter>
    </ClCompile>
    <ClCompile Include="Cleric_HolyThunder.cpp">
      <Filter>Game_ob\MiniBoss\Cleric\Bullet</Filter>
    </ClCompile>
    <ClCompile Include="Cleric_Veteran_Sanctuary.cpp">
      <Filter>Game_ob\MiniBoss\Cleric\Bullet</Filter>
    </ClCompile>
    <ClCompile Include="Public_Heal_Effect.cpp">
      <Filter>Game_ob\MiniBoss\Public\Effect</Filter>
    </ClCompile>
    <ClCompile Include="Cleric_Ultimate_SkillEffect.cpp">
      <Filter>Game_ob\MiniBoss\Cleric\Effect</Filter>
    </ClCompile>
    <ClCompile Include="Ultimate_OnFire_Ready.cpp">
      <Filter>Game_ob\MiniBoss\Mage\Effect</Filter>
    </ClCompile>
    <ClCompile Include="Ultimate_OnFire.cpp">
      <Filter>Game_ob\MiniBoss\Mage\Effect</Filter>
    </ClCompile>
    <ClCompile Include="Ultimate_On_Fire_Projectile.cpp">
      <Filter>Game_ob\MiniBoss\Mage\Bullet</Filter>
    </ClCompile>
    <ClCompile Include="Ultimate_OnFire_Fire.cpp">
      <Filter>Game_ob\MiniBoss\Mage\Effect</Filter>
    </ClCompile>
    <ClCompile Include="Mage_FireBall.cpp">
      <Filter>Game_ob\MiniBoss\Mage\Bullet</Filter>
    </ClCompile>
    <ClCompile Include="Mage_BoomSign.cpp">
      <Filter>Game_ob\MiniBoss\Mage\Effect</Filter>
    </ClCompile>
    <ClCompile Include="Mage_FireBoom.cpp">
      <Filter>Game_ob\MiniBoss\Mage\Bullet</Filter>
    </ClCompile>
    <ClCompile Include="Mage_Landing_Ready.cpp">
      <Filter>Game_ob\MiniBoss\Mage\Effect</Filter>
    </ClCompile>
    <ClCompile Include="Mage_Phoenix_Landing.cpp">
      <Filter>Game_ob\MiniBoss\Mage\Effect</Filter>
    </ClCompile>
    <ClCompile Include="Mage_Phoenix_Landing_Land.cpp">
      <Filter>Game_ob\MiniBoss\Mage\Effect</Filter>
    </ClCompile>
    <ClCompile Include="Attack_HitBox.cpp">
      <Filter>Game_ob\HitBox\Base</Filter>
    </ClCompile>
    <ClCompile Include="HitBox_Player.cpp">
      <Filter>Game_ob\HitBox\Player</Filter>
    </ClCompile>
    <ClCompile Include="HitBox_Monster.cpp">
      <Filter>Game_ob\HitBox\Monster</Filter>
    </ClCompile>
    <ClCompile Include="Monster_Tackle_Flash_Effect.cpp">
      <Filter>Game_ob\Monster\Public\Effect</Filter>
    </ClCompile>
    <ClCompile Include="Monster_StoneWizard_Teleport.cpp">
      <Filter>Game_ob\Monster\Monster_Stone_wizard\Effect</Filter>
    </ClCompile>
    <ClCompile Include="Monster_StoneWizard_Icicle_Effect.cpp">
      <Filter>Game_ob\Monster\Monster_Stone_wizard\Effect</Filter>
    </ClCompile>
    <ClCompile Include="Monster_Stone_wizard_IcicleBullet.cpp">
      <Filter>Game_ob\Monster\Monster_Stone_wizard\Bullet</Filter>
    </ClCompile>
    <ClCompile Include="Monster_BigEnt_EnergeBall.cpp">
      <Filter>Game_ob\Monster\Monster_BigEnt\Bullet</Filter>
    </ClCompile>
    <ClCompile Include="Monster_GiganticEnt_Stamp.cpp">
      <Filter>Game_ob\Monster\Monster_BigEnt\Effect</Filter>
    </ClCompile>
    <ClCompile Include="Monster_GroundAttack_Sign.cpp">
      <Filter>Game_ob\Monster\Public\Effect</Filter>
    </ClCompile>
    <ClCompile Include="Monster_Ent_GroundAttack.cpp">
      <Filter>Game_ob\Monster\Monster_GreenTree\Bullet</Filter>
    </ClCompile>
    <ClCompile Include="Monster_Blossomeenct_Attack.cpp">
      <Filter>Game_ob\Monster\Monster_Blossom\Bullet</Filter>
    </ClCompile>
    <ClCompile Include="Layana_Dark_Awaken.cpp">
      <Filter>Game_ob\Boss\Layana_Sisters</Filter>
    </ClCompile>
    <ClCompile Include="Layana_Awken_Rush_Sign.cpp">
      <Filter>Game_ob\Boss\Layana_Sisters\Awaken_Effect</Filter>
    </ClCompile>
    <ClCompile Include="Latana_Awake_Rush_Bullet.cpp">
      <Filter>Game_ob\Boss\Layana_Sisters\Awaken_Bullet</Filter>
    </ClCompile>
    <ClCompile Include="Layana_Awaken_Meteoreffect.cpp">
      <Filter>Game_ob\Boss\Layana_Sisters\Awaken_Effect</Filter>
    </ClCompile>
    <ClCompile Include="Layana_Awaken_Ground_Sign.cpp">
      <Filter>Game_ob\Boss\Layana_Sisters\Awaken_Effect</Filter>
    </ClCompile>
    <ClCompile Include="Layana_Awaken_Ground_Thunder_Sign.cpp">
      <Filter>Game_ob\Boss\Layana_Sisters\Awaken_Effect</Filter>
    </ClCompile>
    <ClCompile Include="Layana_Awake_Ground_DashSmoke.cpp">
      <Filter>Game_ob\Boss\Layana_Sisters\Awaken_Effect</Filter>
    </ClCompile>
    <ClCompile Include="Layana_Ground_Thunder.cpp">
      <Filter>Game_ob\Boss\Layana_Sisters\Awaken_Bullet</Filter>
    </ClCompile>
    <ClCompile Include="Layana_Awaken_GoldenMeteor_Effect.cpp">
      <Filter>Game_ob\Boss\Layana_Sisters\Awaken_Effect</Filter>
    </ClCompile>
    <ClCompile Include="Layana_Awaken_Meteor_Electric.cpp">
      <Filter>Game_ob\Boss\Layana_Sisters\Awaken_Effect</Filter>
    </ClCompile>
    <ClCompile Include="Layana_Awaken_Meteor_Projectile.cpp">
      <Filter>Game_ob\Boss\Layana_Sisters\Awaken_Bullet</Filter>
    </ClCompile>
    <ClCompile Include="Layana_Dark_HomingPierce.cpp">
      <Filter>Game_ob\Boss\Layana_Sisters\Awaken_Effect</Filter>
    </ClCompile>
    <ClCompile Include="Layana_Dark_HomingPierce_Effect.cpp">
      <Filter>Game_ob\Boss\Layana_Sisters\Awaken_Effect</Filter>
    </ClCompile>
    <ClCompile Include="Layana_Awaken_Homing_Attac.cpp">
      <Filter>Game_ob\Boss\Layana_Sisters\Awaken_Bullet</Filter>
    </ClCompile>
    <ClCompile Include="Dark_DimensionPierce_Attack.cpp">
      <Filter>Game_ob\Boss\Layana_Sisters\Awaken_Effect</Filter>
    </ClCompile>
    <ClCompile Include="Dark_DimensionPierce_Sign.cpp">
      <Filter>Game_ob\Boss\Layana_Sisters\Awaken_Effect</Filter>
    </ClCompile>
    <ClCompile Include="Dark_DimensionPierce_BulletEffect.cpp">
      <Filter>Game_ob\Boss\Layana_Sisters\Awaken_Bullet</Filter>
    </ClCompile>
    <ClCompile Include="Ground_and_Wall.cpp">
      <Filter>Game_ob\BG\Tile\Image_Ground</Filter>
    </ClCompile>
    <ClCompile Include="Ground_Map.cpp">
      <Filter>Game_ob\BG\Tile\Image_Ground</Filter>
    </ClCompile>
    <ClCompile Include="Sky_Ground.cpp">
      <Filter>Game_ob\BG\Tile\Image_Ground</Filter>
    </ClCompile>
    <ClCompile Include="jkStage2_2.cpp">
      <Filter>Scene\Stage2</Filter>
    </ClCompile>
    <ClCompile Include="jkStage2_Boss.cpp">
      <Filter>Scene\Stage2</Filter>
    </ClCompile>
    <ClCompile Include="jkStage2_MiniBoss.cpp">
      <Filter>Scene\Stage2</Filter>
    </ClCompile>
    <ClCompile Include="Monster_Goldwarrior.cpp">
      <Filter>Game_ob\Monster\Monster_Goldwarrior</Filter>
    </ClCompile>
    <ClCompile Include="Monster_Hit_Effect.cpp">
      <Filter>Game_ob\Monster\Public\Effect</Filter>
    </ClCompile>
    <ClCompile Include="Monster_Death_Effect.cpp">
      <Filter>Game_ob\Monster\Public\Effect</Filter>
    </ClCompile>
    <ClCompile Include="Player_Hit_Effect.cpp">
      <Filter>Game_ob\PLAYER\Effect</Filter>
    </ClCompile>
    <ClCompile Include="Monster_Hammer_Effect.cpp">
      <Filter>Game_ob\Monster\Public\Effect</Filter>
    </ClCompile>
    <ClCompile Include="Monster_GoldHammer.cpp">
      <Filter>Game_ob\Monster\Monster_GoldHammer</Filter>
    </ClCompile>
    <ClCompile Include="Hit_Sword.cpp">
      <Filter>Game_ob\PLAYER\Effect</Filter>
    </ClCompile>
    <ClCompile Include="MiniBoss_Bullet_Archer.cpp">
      <Filter>Game_ob\Bullet</Filter>
    </ClCompile>
    <ClCompile Include="Monster_Bullet.cpp">
      <Filter>Game_ob\Bullet</Filter>
    </ClCompile>
    <ClCompile Include="Player.cpp">
      <Filter>Game_ob\PLAYER\Chatacter</Filter>
    </ClCompile>
    <ClCompile Include="Skul_Basic.cpp">
      <Filter>Game_ob\PLAYER\Chatacter</Filter>
    </ClCompile>
    <ClCompile Include="Skul_Nohead.cpp">
      <Filter>Game_ob\PLAYER\Chatacter</Filter>
    </ClCompile>
    <ClCompile Include="Skul_Spear.cpp">
      <Filter>Game_ob\PLAYER\Chatacter</Filter>
    </ClCompile>
    <ClCompile Include="Skul_Sword.cpp">
      <Filter>Game_ob\PLAYER\Chatacter</Filter>
    </ClCompile>
    <ClCompile Include="Skul_Thief.cpp">
      <Filter>Game_ob\PLAYER\Chatacter</Filter>
    </ClCompile>
    <ClCompile Include="Skul_Wolf.cpp">
      <Filter>Game_ob\PLAYER\Chatacter</Filter>
    </ClCompile>
    <ClCompile Include="Hit_Critical_High.cpp">
      <Filter>Game_ob\PLAYER\Effect</Filter>
    </ClCompile>
    <ClCompile Include="Hit_Critical_Middle.cpp">
      <Filter>Game_ob\PLAYER\Effect</Filter>
    </ClCompile>
    <ClCompile Include="Slash_Effect.cpp">
      <Filter>Game_ob\PLAYER\Effect</Filter>
    </ClCompile>
    <ClCompile Include="HitBox_Archer.cpp">
      <Filter>Game_ob\HitBox\MiniBoss</Filter>
    </ClCompile>
    <ClCompile Include="HitBox_Knight.cpp">
      <Filter>Game_ob\HitBox\MiniBoss</Filter>
    </ClCompile>
    <ClCompile Include="MiniBoss_Bullet_Knight.cpp">
      <Filter>Game_ob\Bullet</Filter>
    </ClCompile>
    <ClCompile Include="Hit_DarkPaladin.cpp">
      <Filter>Game_ob\PLAYER\Effect</Filter>
    </ClCompile>
    <ClCompile Include="Fireball_Projectile_Hit.cpp">
      <Filter>Game_ob\MiniBoss\Mage\Effect</Filter>
    </ClCompile>
    <ClCompile Include="Ultimate_On_Fire_Projectile_Hit.cpp">
      <Filter>Game_ob\MiniBoss\Mage\Effect</Filter>
    </ClCompile>
    <ClCompile Include="HitBox_Mage.cpp">
      <Filter>Game_ob\HitBox\MiniBoss</Filter>
    </ClCompile>
    <ClCompile Include="OutSide_CastleArea.cpp">
      <Filter>Scene\Castle_Area</Filter>
    </ClCompile>
    <ClCompile Include="Stage1_Door.cpp">
      <Filter>Game_ob\Door</Filter>
    </ClCompile>
    <ClCompile Include="Door.cpp">
      <Filter>Game_ob\BG\Door</Filter>
    </ClCompile>
    <ClCompile Include="Stage_end_wall.cpp">
      <Filter>Game_ob\Stage_end_wall</Filter>
    </ClCompile>
    <ClCompile Include="Stage_end_table.cpp">
      <Filter>Game_ob\Stage_end_table</Filter>
    </ClCompile>
    <ClCompile Include="NPC_by_stage.cpp">
      <Filter>Game_ob\NPC</Filter>
    </ClCompile>
    <ClCompile Include="Item_OBJ.cpp">
      <Filter>Game_ob\Item</Filter>
    </ClCompile>
    <ClCompile Include="HitBox_YggDrasil.cpp">
      <Filter>Game_ob\HitBox\Boss</Filter>
    </ClCompile>
    <ClCompile Include="Alpha_Blend.cpp">
      <Filter>Game_ob\Alpha_Blend</Filter>
    </ClCompile>
    <ClCompile Include="Player_AfterImage.cpp">
      <Filter>Game_ob</Filter>
    </ClCompile>
  </ItemGroup>
  <ItemGroup>
    <Filter Include="Scene">
      <UniqueIdentifier>{bd4a17a5-055d-4632-9130-980f61688ef4}</UniqueIdentifier>
    </Filter>
    <Filter Include="Script">
      <UniqueIdentifier>{2cfe3ec8-f284-499b-92eb-1916842908e6}</UniqueIdentifier>
    </Filter>
    <Filter Include="Game_ob">
      <UniqueIdentifier>{02611969-1c17-4b96-9ef7-21de2027f4b9}</UniqueIdentifier>
    </Filter>
    <Filter Include="Game_ob\BG">
      <UniqueIdentifier>{65349587-d16a-4a74-a433-4473bf562971}</UniqueIdentifier>
    </Filter>
    <Filter Include="Game_ob\PLAYER">
      <UniqueIdentifier>{510c99e4-2c5c-47ee-876d-8d3c13dc63de}</UniqueIdentifier>
    </Filter>
    <Filter Include="Game_ob\UI">
      <UniqueIdentifier>{0d76d847-e12d-419d-97f1-b4e2310b5caf}</UniqueIdentifier>
    </Filter>
    <Filter Include="Scene\Load">
      <UniqueIdentifier>{81a081ec-d7e4-4db0-9b3e-8daeaf0849c9}</UniqueIdentifier>
    </Filter>
    <Filter Include="Game_ob\UI\HP_bar">
      <UniqueIdentifier>{dc0bdfc4-04d7-4b53-9d10-a59498e3cb5a}</UniqueIdentifier>
    </Filter>
    <Filter Include="Game_ob\UI\State">
      <UniqueIdentifier>{1de27e97-3894-48c8-afdf-1fdf896695df}</UniqueIdentifier>
    </Filter>
    <Filter Include="Game_ob\Camera">
      <UniqueIdentifier>{33499aa4-ff68-48e5-9cb8-eede46a35ef3}</UniqueIdentifier>
    </Filter>
    <Filter Include="Scene\practice">
      <UniqueIdentifier>{caf04a8c-2b82-4e5a-b578-8460651d9a7a}</UniqueIdentifier>
    </Filter>
    <Filter Include="Game_ob\UI\Face">
      <UniqueIdentifier>{91d71bed-1aac-42e5-8761-c9807b68a0e0}</UniqueIdentifier>
    </Filter>
    <Filter Include="Scene\Stage1">
      <UniqueIdentifier>{ea4e2f0d-3385-40c6-9828-3d92e50cba51}</UniqueIdentifier>
    </Filter>
    <Filter Include="Scene\Stage2">
      <UniqueIdentifier>{4b146d0a-6bb0-43e8-9d6d-56f49b8b24a3}</UniqueIdentifier>
    </Filter>
    <Filter Include="Scene\Castle_Area">
      <UniqueIdentifier>{fc88d6b9-434c-4758-a512-9b4ea32a9936}</UniqueIdentifier>
    </Filter>
    <Filter Include="Scene\Title">
      <UniqueIdentifier>{24efe6b1-644a-4a31-9c7a-c5b66bc2f922}</UniqueIdentifier>
    </Filter>
    <Filter Include="Game_ob\BG\Back_Ground">
      <UniqueIdentifier>{c0fdddce-cb3a-4801-a4b5-39b0df94ac3e}</UniqueIdentifier>
    </Filter>
    <Filter Include="Game_ob\BG\Cloud">
      <UniqueIdentifier>{c4de2ad1-f938-4fad-b417-fc0a628121f7}</UniqueIdentifier>
    </Filter>
    <Filter Include="Scene\Base">
      <UniqueIdentifier>{342b9687-f343-41ab-86f1-3e50dd42f6f9}</UniqueIdentifier>
    </Filter>
    <Filter Include="Game_ob\Tilemap">
      <UniqueIdentifier>{4f4880bc-5738-4f5e-9f43-3bced8e48c64}</UniqueIdentifier>
    </Filter>
    <Filter Include="Game_ob\BG\Tile">
      <UniqueIdentifier>{c0334ba9-04dc-4b54-99f8-740c8bf0578c}</UniqueIdentifier>
    </Filter>
    <Filter Include="Game_ob\PLAYER\Skul_Head">
      <UniqueIdentifier>{72a62bd5-6394-44ac-8b31-cb16ba7593cd}</UniqueIdentifier>
    </Filter>
    <Filter Include="Game_ob\Boss">
      <UniqueIdentifier>{6e0f6987-c336-4a37-9ca2-f5e4cad9a21e}</UniqueIdentifier>
    </Filter>
    <Filter Include="Game_ob\Monster">
      <UniqueIdentifier>{55f18709-efce-4720-87ef-a948fa68e4f8}</UniqueIdentifier>
    </Filter>
    <Filter Include="Game_ob\Monster\Monster_Hammer">
      <UniqueIdentifier>{9d583fd2-8c1a-43c7-8372-ae8327d385f5}</UniqueIdentifier>
    </Filter>
    <Filter Include="Game_ob\Monster\Monster_warrior">
      <UniqueIdentifier>{1c34e756-c8da-4dff-b5f2-c9e9e8da643e}</UniqueIdentifier>
    </Filter>
    <Filter Include="Game_ob\Boss\Yggdrasil">
      <UniqueIdentifier>{30793699-4c54-48e5-82ec-64db7beb560a}</UniqueIdentifier>
    </Filter>
    <Filter Include="Game_ob\Monster\Monster_BigEnt">
      <UniqueIdentifier>{7a4ce52a-f3ba-44d0-b29e-53d37461596c}</UniqueIdentifier>
    </Filter>
    <Filter Include="Game_ob\Monster\Monster_Stone_wizard">
      <UniqueIdentifier>{38af4b08-f4c1-43b3-9bb2-9805767f4793}</UniqueIdentifier>
    </Filter>
    <Filter Include="Game_ob\Monster\Monster_GreenTree">
      <UniqueIdentifier>{1d62fcd7-c472-473d-9ead-9c20a9011d36}</UniqueIdentifier>
    </Filter>
    <Filter Include="Game_ob\Monster\Monster_Blossom">
      <UniqueIdentifier>{798f4644-0aa9-4be0-a3b6-1f37d1717f63}</UniqueIdentifier>
    </Filter>
    <Filter Include="Game_ob\Bullet">
      <UniqueIdentifier>{d10b068c-df2b-4522-a283-c5efb2811418}</UniqueIdentifier>
    </Filter>
    <Filter Include="Game_ob\Effect">
      <UniqueIdentifier>{72a2e415-c966-4863-8469-969630925e2a}</UniqueIdentifier>
    </Filter>
    <Filter Include="Game_ob\Boss\Yggdrasil\_YggdrasilBullet">
      <UniqueIdentifier>{44daa354-154c-4d33-bee9-180997c14241}</UniqueIdentifier>
    </Filter>
    <Filter Include="Game_ob\Boss\Yggdrasil\Effect">
      <UniqueIdentifier>{84a4b619-1569-4c65-bcb4-d58c416e16dc}</UniqueIdentifier>
    </Filter>
    <Filter Include="Game_ob\Boss\Layana_Sisters">
      <UniqueIdentifier>{b278c1ab-d77d-4228-adf2-25fc5790c541}</UniqueIdentifier>
    </Filter>
    <Filter Include="Game_ob\Boss\Layana_Sisters\Layana_Efeect">
      <UniqueIdentifier>{6b402006-6ee9-471a-a9f1-db88d72f624a}</UniqueIdentifier>
    </Filter>
    <Filter Include="Game_ob\Boss\Layana_Sisters\Layana_Bullet">
      <UniqueIdentifier>{2e3c30ec-81b4-430f-a41a-8d6e0d286d94}</UniqueIdentifier>
    </Filter>
    <Filter Include="Game_ob\HitBox">
      <UniqueIdentifier>{8f10eb03-3a2e-4487-b072-cf659e2fb54c}</UniqueIdentifier>
    </Filter>
    <Filter Include="Game_ob\HitBox\Base">
      <UniqueIdentifier>{af4414e5-f266-4afc-be96-388213f9bd2d}</UniqueIdentifier>
    </Filter>
    <Filter Include="Game_ob\HitBox\Player">
      <UniqueIdentifier>{f41293ea-dfa2-4050-a258-ad1698f0503b}</UniqueIdentifier>
    </Filter>
    <Filter Include="Game_ob\HitBox\Monster">
      <UniqueIdentifier>{696cb574-6bcd-4226-9c33-fc1eb15daa3a}</UniqueIdentifier>
    </Filter>
    <Filter Include="Game_ob\Monster\Public">
      <UniqueIdentifier>{9f84f9cd-30e0-4280-aef0-13318bc4d40b}</UniqueIdentifier>
    </Filter>
    <Filter Include="Game_ob\Monster\Public\Effect">
      <UniqueIdentifier>{56689061-2850-45f8-8701-33250a23fb9e}</UniqueIdentifier>
    </Filter>
    <Filter Include="Game_ob\Monster\Monster_Stone_wizard\Effect">
      <UniqueIdentifier>{ac628dbc-7d97-4359-a248-a785828e52b8}</UniqueIdentifier>
    </Filter>
    <Filter Include="Game_ob\Monster\Monster_Stone_wizard\Bullet">
      <UniqueIdentifier>{5c29a7ce-b6bc-4cde-9542-bd31453f6eab}</UniqueIdentifier>
    </Filter>
    <Filter Include="Game_ob\Monster\Monster_BigEnt\Bullet">
      <UniqueIdentifier>{5cffc078-e3da-4766-9617-5a0765f81ea1}</UniqueIdentifier>
    </Filter>
    <Filter Include="Game_ob\Monster\Monster_GreenTree\Bullet">
      <UniqueIdentifier>{528ea950-ff5b-4ab0-a598-fab8d797a06d}</UniqueIdentifier>
    </Filter>
    <Filter Include="Game_ob\Monster\Monster_Blossom\Bullet">
      <UniqueIdentifier>{786a06a5-ccec-4fc1-ae1d-d4c0005a307c}</UniqueIdentifier>
    </Filter>
    <Filter Include="Game_ob\Boss\Layana_Sisters\Awaken_Bullet">
      <UniqueIdentifier>{fcc2ff5e-345c-4880-b700-b0cc24f1f24d}</UniqueIdentifier>
    </Filter>
    <Filter Include="Game_ob\Boss\Layana_Sisters\Awaken_Effect">
      <UniqueIdentifier>{b0c21f3d-63ad-40ab-bb76-4ca54f3971d6}</UniqueIdentifier>
    </Filter>
    <Filter Include="Game_ob\BG\Tile\Image_Ground">
      <UniqueIdentifier>{4bf91cc4-5e00-444c-98f0-89badab69c93}</UniqueIdentifier>
    </Filter>
    <Filter Include="Game_ob\Monster\Monster_Goldwarrior">
      <UniqueIdentifier>{89dcdaf9-766c-455b-a0f6-331f9ddbf8c9}</UniqueIdentifier>
    </Filter>
    <Filter Include="Game_ob\PLAYER\Effect">
      <UniqueIdentifier>{03066486-b7dc-41c1-842d-ebeedc091a57}</UniqueIdentifier>
    </Filter>
    <Filter Include="Game_ob\Monster\Monster_GoldHammer">
      <UniqueIdentifier>{37ac02d8-13be-489c-87bc-e6d857ab7e4d}</UniqueIdentifier>
    </Filter>
    <Filter Include="Game_ob\PLAYER\Chatacter">
      <UniqueIdentifier>{a6c42fbf-1807-4e1a-b1f8-b59e7b7b390d}</UniqueIdentifier>
    </Filter>
    <Filter Include="Game_ob\HitBox\MiniBoss">
      <UniqueIdentifier>{0e67c7a7-4fa4-42ea-8b0a-f690a1ee28d8}</UniqueIdentifier>
    </Filter>
    <Filter Include="Game_ob\MiniBoss">
      <UniqueIdentifier>{c049cc07-0953-4771-8738-4749be3d6a7a}</UniqueIdentifier>
    </Filter>
    <Filter Include="Game_ob\MiniBoss\Knight_male">
      <UniqueIdentifier>{8b8edcfe-698b-4cbf-9f59-9fa1e0ca9615}</UniqueIdentifier>
    </Filter>
    <Filter Include="Game_ob\MiniBoss\Knight_male\Bullet">
      <UniqueIdentifier>{4567e8d3-d9f2-4f57-aa52-c34cc16f7962}</UniqueIdentifier>
    </Filter>
    <Filter Include="Game_ob\MiniBoss\Knight_male\Effect">
      <UniqueIdentifier>{f443e932-1191-44a6-91de-3335025eb2f4}</UniqueIdentifier>
    </Filter>
    <Filter Include="Game_ob\MiniBoss\Archer">
      <UniqueIdentifier>{3143cc7d-479e-4908-a45e-84e9dc1c6eed}</UniqueIdentifier>
    </Filter>
    <Filter Include="Game_ob\MiniBoss\Archer\Bullet">
      <UniqueIdentifier>{da09b292-bda9-46e6-ba68-edc253ad459a}</UniqueIdentifier>
    </Filter>
    <Filter Include="Game_ob\MiniBoss\Archer\Effect">
      <UniqueIdentifier>{0658b3d4-bad5-46bc-835a-e19982f10abf}</UniqueIdentifier>
    </Filter>
    <Filter Include="Game_ob\MiniBoss\Mage">
      <UniqueIdentifier>{d585cef5-d2db-4392-8245-3f8fd9d55179}</UniqueIdentifier>
    </Filter>
    <Filter Include="Game_ob\MiniBoss\Mage\Bullet">
      <UniqueIdentifier>{976eb503-033e-42c8-8d15-a170d88cebf6}</UniqueIdentifier>
    </Filter>
    <Filter Include="Game_ob\MiniBoss\Mage\Effect">
      <UniqueIdentifier>{edf25464-8075-423b-b62d-aab2070a5343}</UniqueIdentifier>
    </Filter>
    <Filter Include="Game_ob\MiniBoss\Cleric">
      <UniqueIdentifier>{964437c2-3cc2-4bb6-85c2-24958a9025c9}</UniqueIdentifier>
    </Filter>
    <Filter Include="Game_ob\MiniBoss\Cleric\Effect">
      <UniqueIdentifier>{541072c2-f077-4829-a573-38c90eb80ca7}</UniqueIdentifier>
    </Filter>
    <Filter Include="Game_ob\MiniBoss\Cleric\Bullet">
      <UniqueIdentifier>{387a76c1-0840-4ae4-8abe-f8b1c84abf24}</UniqueIdentifier>
    </Filter>
    <Filter Include="Game_ob\MiniBoss\Public">
      <UniqueIdentifier>{436d56e6-85fa-48c0-839e-426a68427188}</UniqueIdentifier>
    </Filter>
    <Filter Include="Game_ob\MiniBoss\Public\Effect">
      <UniqueIdentifier>{0cb0aa98-d67a-4d3b-8040-7341ad994671}</UniqueIdentifier>
    </Filter>
    <Filter Include="Game_ob\Monster\Monster_BigEnt\Effect">
      <UniqueIdentifier>{1f92947f-dd7d-4ad1-a41d-211de61a1f78}</UniqueIdentifier>
    </Filter>
    <Filter Include="Game_ob\Door">
      <UniqueIdentifier>{f8b791aa-e881-4634-987f-2054405149cd}</UniqueIdentifier>
    </Filter>
    <Filter Include="Game_ob\BG\Door">
      <UniqueIdentifier>{dcdef7cc-e13a-4ba0-a168-cba63ff4c4f0}</UniqueIdentifier>
    </Filter>
    <Filter Include="Game_ob\Stage_end_wall">
      <UniqueIdentifier>{6dc92452-c0c6-4198-af35-62ecc4cdda95}</UniqueIdentifier>
    </Filter>
    <Filter Include="Game_ob\Stage_end_table">
      <UniqueIdentifier>{2c524b92-6371-4b69-82d1-742432ad130e}</UniqueIdentifier>
    </Filter>
    <Filter Include="Game_ob\NPC">
      <UniqueIdentifier>{a97fdb9c-ec4e-4b3c-b51e-565b6403beb7}</UniqueIdentifier>
    </Filter>
    <Filter Include="Game_ob\Item">
      <UniqueIdentifier>{95962414-790b-4cd5-9b52-59f3c501bd62}</UniqueIdentifier>
    </Filter>
    <Filter Include="Game_ob\HitBox\Boss">
      <UniqueIdentifier>{6e2d4803-c53e-4bd1-bc79-283d4c744410}</UniqueIdentifier>
    </Filter>
    <Filter Include="Game_ob\Alpha_Blend">
      <UniqueIdentifier>{0798d46d-e3ce-41f3-a943-fe444556c681}</UniqueIdentifier>
    </Filter>
  </ItemGroup>
  <ItemGroup>
    <ResourceCompile Include="JKEngine.rc" />
  </ItemGroup>
</Project>