<?xml version="1.0" encoding="utf-8"?>
<Project ToolsVersion="4.0" xmlns="http://schemas.microsoft.com/developer/msbuild/2003">
  <ItemGroup>
    <ClInclude Include="framework.h" />
    <ClInclude Include="LoadScenes.h">
      <Filter>Scene\Load</Filter>
    </ClInclude>
    <ClInclude Include="jkCameraScript.h">
      <Filter>Script</Filter>
    </ClInclude>
    <ClInclude Include="jkGridScript.h">
      <Filter>Script</Filter>
    </ClInclude>
    <ClInclude Include="jkToolScript.h">
      <Filter>Script</Filter>
    </ClInclude>
    <ClInclude Include="Include_Common.h" />
    <ClInclude Include="BG.h">
      <Filter>Game_ob\BG</Filter>
    </ClInclude>
    <ClInclude Include="Player.h">
      <Filter>Game_ob\PLAYER</Filter>
    </ClInclude>
    <ClInclude Include="UI.h">
      <Filter>Game_ob\UI</Filter>
    </ClInclude>
    <ClInclude Include="Player_State_UI.h">
      <Filter>Game_ob\UI\State</Filter>
    </ClInclude>
    <ClInclude Include="UI_Camera.h">
      <Filter>Game_ob\Camera</Filter>
    </ClInclude>
    <ClInclude Include="Main_Camera.h">
      <Filter>Game_ob\Camera</Filter>
    </ClInclude>
    <ClInclude Include="Grid.h">
      <Filter>Game_ob\UI</Filter>
    </ClInclude>
    <ClInclude Include="jkToolScene.h">
      <Filter>Scene\practice</Filter>
    </ClInclude>
    <ClInclude Include="Player_Hp_Bar.h">
      <Filter>Game_ob\UI\HP_bar</Filter>
    </ClInclude>
    <ClInclude Include="Face_UI.h">
      <Filter>Game_ob\UI\Face</Filter>
    </ClInclude>
    <ClInclude Include="Skul_Basic.h">
      <Filter>Game_ob\PLAYER</Filter>
    </ClInclude>
    <ClInclude Include="resource.h" />
    <ClInclude Include="jkPlayerScript.h">
      <Filter>Script</Filter>
    </ClInclude>
    <ClInclude Include="jkStage1_1.h">
      <Filter>Scene\Stage1</Filter>
    </ClInclude>
    <ClInclude Include="jkStage2_1.h">
      <Filter>Scene\Stage2</Filter>
    </ClInclude>
    <ClInclude Include="jkStage1_2.h">
      <Filter>Scene\Stage1</Filter>
    </ClInclude>
    <ClInclude Include="jkStage1_MiniBoss.h">
      <Filter>Scene\Stage1</Filter>
    </ClInclude>
    <ClInclude Include="jkStage1_Boss.h">
      <Filter>Scene\Stage1</Filter>
    </ClInclude>
    <ClInclude Include="Castle_Area.h">
      <Filter>Scene\Castle_Area</Filter>
    </ClInclude>
    <ClInclude Include="jkTitleScene.h">
      <Filter>Scene\Title</Filter>
    </ClInclude>
    <ClInclude Include="jkBack_ground.h">
      <Filter>Game_ob\BG\Back_Ground</Filter>
    </ClInclude>
    <ClInclude Include="jkCloud.h">
      <Filter>Game_ob\BG\Cloud</Filter>
    </ClInclude>
    <ClInclude Include="jkPlayScene.h">
      <Filter>Scene\Base</Filter>
    </ClInclude>
    <ClInclude Include="Skul_Nohead.h">
      <Filter>Game_ob\PLAYER</Filter>
    </ClInclude>
    <ClInclude Include="Skul_Wolf.h">
      <Filter>Game_ob\PLAYER</Filter>
    </ClInclude>
    <ClInclude Include="Skul_Spear.h">
      <Filter>Game_ob\PLAYER</Filter>
    </ClInclude>
    <ClInclude Include="Skul_Sword.h">
      <Filter>Game_ob\PLAYER</Filter>
    </ClInclude>
  </ItemGroup>
  <ItemGroup>
    <ClCompile Include="jkCameraScript.cpp">
      <Filter>Script</Filter>
    </ClCompile>
    <ClCompile Include="jkGridScript.cpp">
      <Filter>Script</Filter>
    </ClCompile>
    <ClCompile Include="jkToolScript.cpp">
      <Filter>Script</Filter>
    </ClCompile>
    <ClCompile Include="BG.cpp">
      <Filter>Game_ob\BG</Filter>
    </ClCompile>
    <ClCompile Include="Player.cpp">
      <Filter>Game_ob\PLAYER</Filter>
    </ClCompile>
    <ClCompile Include="UI.cpp">
      <Filter>Game_ob\UI</Filter>
    </ClCompile>
    <ClCompile Include="Player_State_UI.cpp">
      <Filter>Game_ob\UI\State</Filter>
    </ClCompile>
    <ClCompile Include="Main_Camera.cpp">
      <Filter>Game_ob\Camera</Filter>
    </ClCompile>
    <ClCompile Include="UI_Camera.cpp">
      <Filter>Game_ob\Camera</Filter>
    </ClCompile>
    <ClCompile Include="Grid.cpp">
      <Filter>Game_ob\UI</Filter>
    </ClCompile>
    <ClCompile Include="jkToolScene.cpp">
      <Filter>Scene\practice</Filter>
    </ClCompile>
    <ClCompile Include="Player_Hp_Bar.cpp">
      <Filter>Game_ob\UI\HP_bar</Filter>
    </ClCompile>
    <ClCompile Include="Face_UI.cpp">
      <Filter>Game_ob\UI\Face</Filter>
    </ClCompile>
    <ClCompile Include="Skul_Basic.cpp">
      <Filter>Game_ob\PLAYER</Filter>
    </ClCompile>
    <ClCompile Include="..\Engine_SOURCE\jkGameObject.cpp">
      <Filter>Game_ob</Filter>
    </ClCompile>
    <ClCompile Include="jkPlayerScript.cpp">
      <Filter>Script</Filter>
    </ClCompile>
    <ClCompile Include="jkStage1_1.cpp">
      <Filter>Scene\Stage1</Filter>
    </ClCompile>
    <ClCompile Include="jkStage2_1.cpp">
      <Filter>Scene\Stage2</Filter>
    </ClCompile>
    <ClCompile Include="jkStage1_2.cpp">
      <Filter>Scene\Stage1</Filter>
    </ClCompile>
    <ClCompile Include="jkStage1_MiniBoss.cpp">
      <Filter>Scene\Stage1</Filter>
    </ClCompile>
    <ClCompile Include="jkStage1_Boss.cpp">
      <Filter>Scene\Stage1</Filter>
    </ClCompile>
    <ClCompile Include="Castle_Area.cpp">
      <Filter>Scene\Castle_Area</Filter>
    </ClCompile>
    <ClCompile Include="jkTitleScene.cpp">
      <Filter>Scene\Title</Filter>
    </ClCompile>
    <ClCompile Include="jkBack_ground.cpp">
      <Filter>Game_ob\BG\Back_Ground</Filter>
    </ClCompile>
    <ClCompile Include="jkCloud.cpp">
      <Filter>Game_ob\BG\Cloud</Filter>
    </ClCompile>
    <ClCompile Include="jkPlayScene.cpp">
      <Filter>Scene\Base</Filter>
    </ClCompile>
    <ClCompile Include="Skul_Nohead.cpp">
      <Filter>Game_ob\PLAYER</Filter>
    </ClCompile>
    <ClCompile Include="Skul_Wolf.cpp">
      <Filter>Game_ob\PLAYER</Filter>
    </ClCompile>
    <ClCompile Include="Skul_Spear.cpp">
      <Filter>Game_ob\PLAYER</Filter>
    </ClCompile>
    <ClCompile Include="Skul_Sword.cpp">
      <Filter>Game_ob\PLAYER</Filter>
    </ClCompile>
  </ItemGroup>
  <ItemGroup>
    <Filter Include="Scene">
      <UniqueIdentifier>{bd4a17a5-055d-4632-9130-980f61688ef4}</UniqueIdentifier>
    </Filter>
    <Filter Include="Script">
      <UniqueIdentifier>{2cfe3ec8-f284-499b-92eb-1916842908e6}</UniqueIdentifier>
    </Filter>
    <Filter Include="Game_ob">
      <UniqueIdentifier>{02611969-1c17-4b96-9ef7-21de2027f4b9}</UniqueIdentifier>
    </Filter>
    <Filter Include="Game_ob\BG">
      <UniqueIdentifier>{65349587-d16a-4a74-a433-4473bf562971}</UniqueIdentifier>
    </Filter>
    <Filter Include="Game_ob\PLAYER">
      <UniqueIdentifier>{510c99e4-2c5c-47ee-876d-8d3c13dc63de}</UniqueIdentifier>
    </Filter>
    <Filter Include="Game_ob\UI">
      <UniqueIdentifier>{0d76d847-e12d-419d-97f1-b4e2310b5caf}</UniqueIdentifier>
    </Filter>
    <Filter Include="Scene\Load">
      <UniqueIdentifier>{81a081ec-d7e4-4db0-9b3e-8daeaf0849c9}</UniqueIdentifier>
    </Filter>
    <Filter Include="Game_ob\UI\HP_bar">
      <UniqueIdentifier>{dc0bdfc4-04d7-4b53-9d10-a59498e3cb5a}</UniqueIdentifier>
    </Filter>
    <Filter Include="Game_ob\UI\State">
      <UniqueIdentifier>{1de27e97-3894-48c8-afdf-1fdf896695df}</UniqueIdentifier>
    </Filter>
    <Filter Include="Game_ob\Camera">
      <UniqueIdentifier>{33499aa4-ff68-48e5-9cb8-eede46a35ef3}</UniqueIdentifier>
    </Filter>
    <Filter Include="Scene\practice">
      <UniqueIdentifier>{caf04a8c-2b82-4e5a-b578-8460651d9a7a}</UniqueIdentifier>
    </Filter>
    <Filter Include="Game_ob\UI\Face">
      <UniqueIdentifier>{91d71bed-1aac-42e5-8761-c9807b68a0e0}</UniqueIdentifier>
    </Filter>
    <Filter Include="Scene\Stage1">
      <UniqueIdentifier>{ea4e2f0d-3385-40c6-9828-3d92e50cba51}</UniqueIdentifier>
    </Filter>
    <Filter Include="Scene\Stage2">
      <UniqueIdentifier>{4b146d0a-6bb0-43e8-9d6d-56f49b8b24a3}</UniqueIdentifier>
    </Filter>
    <Filter Include="Scene\Castle_Area">
      <UniqueIdentifier>{fc88d6b9-434c-4758-a512-9b4ea32a9936}</UniqueIdentifier>
    </Filter>
    <Filter Include="Scene\Title">
      <UniqueIdentifier>{24efe6b1-644a-4a31-9c7a-c5b66bc2f922}</UniqueIdentifier>
    </Filter>
    <Filter Include="Game_ob\BG\Back_Ground">
      <UniqueIdentifier>{c0fdddce-cb3a-4801-a4b5-39b0df94ac3e}</UniqueIdentifier>
    </Filter>
    <Filter Include="Game_ob\BG\Cloud">
      <UniqueIdentifier>{c4de2ad1-f938-4fad-b417-fc0a628121f7}</UniqueIdentifier>
    </Filter>
    <Filter Include="Scene\Base">
      <UniqueIdentifier>{342b9687-f343-41ab-86f1-3e50dd42f6f9}</UniqueIdentifier>
    </Filter>
    <Filter Include="Game_ob\Tilemap">
      <UniqueIdentifier>{4f4880bc-5738-4f5e-9f43-3bced8e48c64}</UniqueIdentifier>
    </Filter>
  </ItemGroup>
  <ItemGroup>
    <ResourceCompile Include="JKEngine.rc" />
  </ItemGroup>
</Project>