<?xml version="1.0" encoding="utf-8"?>
<Project ToolsVersion="4.0" xmlns="http://schemas.microsoft.com/developer/msbuild/2003">
  <ItemGroup>
    <ClCompile Include="$(MSBuildThisFileDirectory)DebugOjbect.cpp" />
    <ClCompile Include="$(MSBuildThisFileDirectory)guiEditorObject.cpp" />
    <ClCompile Include="$(MSBuildThisFileDirectory)guiWidget.cpp" />
    <ClCompile Include="$(MSBuildThisFileDirectory)guiEditor.cpp">
      <Filter>Editor</Filter>
    </ClCompile>
  </ItemGroup>
  <ItemGroup>
    <ClInclude Include="$(MSBuildThisFileDirectory)DebugOjbect.h" />
    <ClInclude Include="$(MSBuildThisFileDirectory)guiEditorObject.h" />
    <ClInclude Include="$(MSBuildThisFileDirectory)guiWidget.h" />
    <ClInclude Include="$(MSBuildThisFileDirectory)guiEditor.h">
      <Filter>Editor</Filter>
    </ClInclude>
  </ItemGroup>
  <ItemGroup>
    <Filter Include="Editor">
      <UniqueIdentifier>{4eb012ce-86be-40d3-99d3-cf476db65951}</UniqueIdentifier>
    </Filter>
  </ItemGroup>
</Project>